{
  "version": 4,
  "terraform_version": "1.13.4",
  "serial": 145,
  "lineage": "34ea33e1-c04d-fb42-6205-d501fb12ee1f",
  "outputs": {
    "ip": {
      "value": [
        "10.12.0.5",
        "10.12.0.6",
        "10.12.0.7"
      ],
      "type": [
        "tuple",
        [
          "string",
          "string",
          "string"
        ]
      ]
    },
    "nicid-for-vm": {
      "value": [
        "/subscriptions/0e9784a1-7ffb-4ad5-824f-2aaa98c41256/resourceGroups/test/providers/Microsoft.Network/networkInterfaces/f1-0",
        "/subscriptions/0e9784a1-7ffb-4ad5-824f-2aaa98c41256/resourceGroups/test/providers/Microsoft.Network/networkInterfaces/f1-1",
        "/subscriptions/0e9784a1-7ffb-4ad5-824f-2aaa98c41256/resourceGroups/test/providers/Microsoft.Network/networkInterfaces/f1-2"
      ],
      "type": [
        "tuple",
        [
          "string",
          "string",
          "string"
        ]
      ]
    },
    "nicip": {
      "value": [
        [
          "10.12.0.10"
        ],
        [
          "10.12.0.8"
        ],
        [
          "10.12.0.11"
        ],
        [
          "10.12.0.9"
        ]
      ],
      "type": [
        "tuple",
        [
          [
            "tuple",
            [
              "string"
            ]
          ],
          [
            "tuple",
            [
              "string"
            ]
          ],
          [
            "tuple",
            [
              "string"
            ]
          ],
          [
            "tuple",
            [
              "string"
            ]
          ]
        ]
      ]
    },
    "pubip": {
      "value": [
        "98.71.171.31",
        "9.163.3.141",
        "98.71.218.165"
      ],
      "type": [
        "tuple",
        [
          "string",
          "string",
          "string"
        ]
      ]
    }
  },
  "resources": [
    {
      "mode": "data",
      "type": "azurerm_availability_set",
      "name": "av",
      "provider": "provider[\"registry.terraform.io/hashicorp/azurerm\"]",
      "instances": [
        {
          "schema_version": 0,
          "attributes": {
            "id": "/subscriptions/0e9784a1-7ffb-4ad5-824f-2aaa98c41256/resourceGroups/Tasks/providers/Microsoft.Compute/availabilitySets/av-set",
            "location": "westeurope",
            "managed": true,
            "name": "av-set",
            "platform_fault_domain_count": 2,
            "platform_update_domain_count": 5,
            "resource_group_name": "Tasks",
            "tags": {},
            "timeouts": null
          },
          "sensitive_attributes": [],
          "identity_schema_version": 0
        }
      ]
    },
    {
      "mode": "data",
      "type": "azurerm_resource_group",
      "name": "rg-task",
      "provider": "provider[\"registry.terraform.io/hashicorp/azurerm\"]",
      "instances": [
        {
          "schema_version": 0,
          "attributes": {
            "id": "/subscriptions/0e9784a1-7ffb-4ad5-824f-2aaa98c41256/resourceGroups/Tasks",
            "location": "westeurope",
            "managed_by": "",
            "name": "Tasks",
            "tags": {
              "Tasks": "Jai naveen"
            },
            "timeouts": null
          },
          "sensitive_attributes": [],
          "identity_schema_version": 0
        }
      ]
    },
    {
      "mode": "data",
      "type": "azurerm_subnet",
      "name": "subnet",
      "provider": "provider[\"registry.terraform.io/hashicorp/azurerm\"]",
      "instances": [
        {
          "schema_version": 0,
          "attributes": {
            "address_prefix": "",
            "address_prefixes": [
              "10.12.0.0/24"
            ],
            "default_outbound_access_enabled": true,
            "id": "/subscriptions/0e9784a1-7ffb-4ad5-824f-2aaa98c41256/resourceGroups/RG-Sairam/providers/Microsoft.Network/virtualNetworks/Sai/subnets/Subnet1",
            "name": "Subnet1",
            "network_security_group_id": "",
            "private_endpoint_network_policies": "Disabled",
            "private_link_service_network_policies_enabled": true,
            "resource_group_name": "RG-Sairam",
            "route_table_id": "",
            "service_endpoints": [],
            "timeouts": null,
            "virtual_network_name": "Sai"
          },
          "sensitive_attributes": [],
          "identity_schema_version": 0
        }
      ]
    },
    {
      "module": "module.NSG[0]",
      "mode": "managed",
      "type": "azurerm_network_security_group",
      "name": "name",
      "provider": "provider[\"registry.terraform.io/hashicorp/azurerm\"]",
      "instances": [
        {
          "schema_version": 0,
          "attributes": {
            "id": "/subscriptions/0e9784a1-7ffb-4ad5-824f-2aaa98c41256/resourceGroups/test2/providers/Microsoft.Network/networkSecurityGroups/NSG-0",
            "location": "westeurope",
            "name": "NSG-0",
            "resource_group_name": "test2",
            "security_rule": [
              {
                "access": "Allow",
                "description": "",
                "destination_address_prefix": "*",
                "destination_address_prefixes": [],
                "destination_application_security_group_ids": [],
                "destination_port_range": "22",
                "destination_port_ranges": [],
                "direction": "Inbound",
                "name": "ALlow-ssh",
                "priority": 110,
                "protocol": "Tcp",
                "source_address_prefix": "*",
                "source_address_prefixes": [],
                "source_application_security_group_ids": [],
                "source_port_range": "*",
                "source_port_ranges": []
              }
            ],
            "tags": {},
            "timeouts": null
          },
          "sensitive_attributes": [],
          "identity_schema_version": 0,
          "identity": {
            "name": "NSG-0",
            "resource_group_name": "test2",
            "subscription_id": "0e9784a1-7ffb-4ad5-824f-2aaa98c41256"
          },
          "private": "eyJlMmJmYjczMC1lY2FhLTExZTYtOGY4OC0zNDM2M2JjN2M0YzAiOnsiY3JlYXRlIjoxODAwMDAwMDAwMDAwLCJkZWxldGUiOjE4MDAwMDAwMDAwMDAsInJlYWQiOjMwMDAwMDAwMDAwMCwidXBkYXRlIjoxODAwMDAwMDAwMDAwfX0=",
          "dependencies": [
            "module.rg3.azurerm_resource_group.rg"
          ]
        }
      ]
    },
    {
      "module": "module.NSG[1]",
      "mode": "managed",
      "type": "azurerm_network_security_group",
      "name": "name",
      "provider": "provider[\"registry.terraform.io/hashicorp/azurerm\"]",
      "instances": [
        {
          "schema_version": 0,
          "attributes": {
            "id": "/subscriptions/0e9784a1-7ffb-4ad5-824f-2aaa98c41256/resourceGroups/test2/providers/Microsoft.Network/networkSecurityGroups/NSG-1",
            "location": "westeurope",
            "name": "NSG-1",
            "resource_group_name": "test2",
            "security_rule": [
              {
                "access": "Allow",
                "description": "",
                "destination_address_prefix": "*",
                "destination_address_prefixes": [],
                "destination_application_security_group_ids": [],
                "destination_port_range": "22",
                "destination_port_ranges": [],
                "direction": "Inbound",
                "name": "ALlow-ssh",
                "priority": 110,
                "protocol": "Tcp",
                "source_address_prefix": "*",
                "source_address_prefixes": [],
                "source_application_security_group_ids": [],
                "source_port_range": "*",
                "source_port_ranges": []
              }
            ],
            "tags": {},
            "timeouts": null
          },
          "sensitive_attributes": [],
          "identity_schema_version": 0,
          "identity": {
            "name": "NSG-1",
            "resource_group_name": "test2",
            "subscription_id": "0e9784a1-7ffb-4ad5-824f-2aaa98c41256"
          },
          "private": "eyJlMmJmYjczMC1lY2FhLTExZTYtOGY4OC0zNDM2M2JjN2M0YzAiOnsiY3JlYXRlIjoxODAwMDAwMDAwMDAwLCJkZWxldGUiOjE4MDAwMDAwMDAwMDAsInJlYWQiOjMwMDAwMDAwMDAwMCwidXBkYXRlIjoxODAwMDAwMDAwMDAwfX0=",
          "dependencies": [
            "module.rg3.azurerm_resource_group.rg"
          ]
        }
      ]
    },
    {
      "module": "module.NSG[2]",
      "mode": "managed",
      "type": "azurerm_network_security_group",
      "name": "name",
      "provider": "provider[\"registry.terraform.io/hashicorp/azurerm\"]",
      "instances": [
        {
          "schema_version": 0,
          "attributes": {
            "id": "/subscriptions/0e9784a1-7ffb-4ad5-824f-2aaa98c41256/resourceGroups/test2/providers/Microsoft.Network/networkSecurityGroups/NSG-2",
            "location": "westeurope",
            "name": "NSG-2",
            "resource_group_name": "test2",
            "security_rule": [
              {
                "access": "Allow",
                "description": "",
                "destination_address_prefix": "*",
                "destination_address_prefixes": [],
                "destination_application_security_group_ids": [],
                "destination_port_range": "22",
                "destination_port_ranges": [],
                "direction": "Inbound",
                "name": "ALlow-ssh",
                "priority": 110,
                "protocol": "Tcp",
                "source_address_prefix": "*",
                "source_address_prefixes": [],
                "source_application_security_group_ids": [],
                "source_port_range": "*",
                "source_port_ranges": []
              }
            ],
            "tags": {},
            "timeouts": null
          },
          "sensitive_attributes": [],
          "identity_schema_version": 0,
          "identity": {
            "name": "NSG-2",
            "resource_group_name": "test2",
            "subscription_id": "0e9784a1-7ffb-4ad5-824f-2aaa98c41256"
          },
          "private": "eyJlMmJmYjczMC1lY2FhLTExZTYtOGY4OC0zNDM2M2JjN2M0YzAiOnsiY3JlYXRlIjoxODAwMDAwMDAwMDAwLCJkZWxldGUiOjE4MDAwMDAwMDAwMDAsInJlYWQiOjMwMDAwMDAwMDAwMCwidXBkYXRlIjoxODAwMDAwMDAwMDAwfX0=",
          "dependencies": [
            "module.rg3.azurerm_resource_group.rg"
          ]
        }
      ]
    },
    {
      "module": "module.nic1[0]",
      "mode": "managed",
      "type": "azurerm_network_interface",
      "name": "nic",
      "provider": "provider[\"registry.terraform.io/hashicorp/azurerm\"]",
      "instances": [
        {
          "schema_version": 0,
          "attributes": {
            "accelerated_networking_enabled": true,
            "applied_dns_servers": [],
            "auxiliary_mode": "",
            "auxiliary_sku": "",
            "dns_servers": [],
            "edge_zone": "",
            "id": "/subscriptions/0e9784a1-7ffb-4ad5-824f-2aaa98c41256/resourceGroups/test/providers/Microsoft.Network/networkInterfaces/f1-0",
            "internal_dns_name_label": "",
            "internal_domain_name_suffix": "cf4bgekvmvburhxh15k2espvch.ax.internal.cloudapp.net",
            "ip_configuration": [
              {
                "gateway_load_balancer_frontend_ip_configuration_id": "",
                "name": "ip1",
                "primary": true,
                "private_ip_address": "10.12.0.5",
                "private_ip_address_allocation": "Dynamic",
                "private_ip_address_version": "IPv4",
                "public_ip_address_id": "/subscriptions/0e9784a1-7ffb-4ad5-824f-2aaa98c41256/resourceGroups/test/providers/Microsoft.Network/publicIPAddresses/testpubic-0",
                "subnet_id": "/subscriptions/0e9784a1-7ffb-4ad5-824f-2aaa98c41256/resourceGroups/RG-Sairam/providers/Microsoft.Network/virtualNetworks/Sai/subnets/Subnet1"
              }
            ],
            "ip_forwarding_enabled": false,
            "location": "westeurope",
            "mac_address": "7C-ED-8D-13-A3-53",
            "name": "f1-0",
            "private_ip_address": "10.12.0.5",
            "private_ip_addresses": [
              "10.12.0.5"
            ],
            "resource_group_name": "test",
            "tags": {},
            "timeouts": null,
            "virtual_machine_id": "/subscriptions/0e9784a1-7ffb-4ad5-824f-2aaa98c41256/resourceGroups/test2/providers/Microsoft.Compute/virtualMachines/Linux-vm-0"
          },
          "sensitive_attributes": [],
          "identity_schema_version": 0,
          "identity": {
            "name": "f1-0",
            "resource_group_name": "test",
            "subscription_id": "0e9784a1-7ffb-4ad5-824f-2aaa98c41256"
          },
          "private": "eyJlMmJmYjczMC1lY2FhLTExZTYtOGY4OC0zNDM2M2JjN2M0YzAiOnsiY3JlYXRlIjoxODAwMDAwMDAwMDAwLCJkZWxldGUiOjE4MDAwMDAwMDAwMDAsInJlYWQiOjMwMDAwMDAwMDAwMCwidXBkYXRlIjoxODAwMDAwMDAwMDAwfX0=",
          "dependencies": [
            "data.azurerm_subnet.subnet",
            "module.pub.azurerm_public_ip.name",
            "module.rg2.azurerm_resource_group.rg"
          ]
        }
      ]
    },
    {
      "module": "module.nic1[1]",
      "mode": "managed",
      "type": "azurerm_network_interface",
      "name": "nic",
      "provider": "provider[\"registry.terraform.io/hashicorp/azurerm\"]",
      "instances": [
        {
          "schema_version": 0,
          "attributes": {
            "accelerated_networking_enabled": true,
            "applied_dns_servers": [],
            "auxiliary_mode": "",
            "auxiliary_sku": "",
            "dns_servers": [],
            "edge_zone": "",
            "id": "/subscriptions/0e9784a1-7ffb-4ad5-824f-2aaa98c41256/resourceGroups/test/providers/Microsoft.Network/networkInterfaces/f1-1",
            "internal_dns_name_label": "",
            "internal_domain_name_suffix": "cf4bgekvmvburhxh15k2espvch.ax.internal.cloudapp.net",
            "ip_configuration": [
              {
                "gateway_load_balancer_frontend_ip_configuration_id": "",
                "name": "ip1",
                "primary": true,
                "private_ip_address": "10.12.0.6",
                "private_ip_address_allocation": "Dynamic",
                "private_ip_address_version": "IPv4",
                "public_ip_address_id": "/subscriptions/0e9784a1-7ffb-4ad5-824f-2aaa98c41256/resourceGroups/test/providers/Microsoft.Network/publicIPAddresses/testpubic-1",
                "subnet_id": "/subscriptions/0e9784a1-7ffb-4ad5-824f-2aaa98c41256/resourceGroups/RG-Sairam/providers/Microsoft.Network/virtualNetworks/Sai/subnets/Subnet1"
              }
            ],
            "ip_forwarding_enabled": false,
            "location": "westeurope",
            "mac_address": "7C-ED-8D-0B-4D-25",
            "name": "f1-1",
            "private_ip_address": "10.12.0.6",
            "private_ip_addresses": [
              "10.12.0.6"
            ],
            "resource_group_name": "test",
            "tags": {},
            "timeouts": null,
            "virtual_machine_id": "/subscriptions/0e9784a1-7ffb-4ad5-824f-2aaa98c41256/resourceGroups/test2/providers/Microsoft.Compute/virtualMachines/Linux-vm-1"
          },
          "sensitive_attributes": [],
          "identity_schema_version": 0,
          "identity": {
            "name": "f1-1",
            "resource_group_name": "test",
            "subscription_id": "0e9784a1-7ffb-4ad5-824f-2aaa98c41256"
          },
          "private": "eyJlMmJmYjczMC1lY2FhLTExZTYtOGY4OC0zNDM2M2JjN2M0YzAiOnsiY3JlYXRlIjoxODAwMDAwMDAwMDAwLCJkZWxldGUiOjE4MDAwMDAwMDAwMDAsInJlYWQiOjMwMDAwMDAwMDAwMCwidXBkYXRlIjoxODAwMDAwMDAwMDAwfX0=",
          "dependencies": [
            "data.azurerm_subnet.subnet",
            "module.pub.azurerm_public_ip.name",
            "module.rg2.azurerm_resource_group.rg"
          ]
        }
      ]
    },
    {
      "module": "module.nic1[2]",
      "mode": "managed",
      "type": "azurerm_network_interface",
      "name": "nic",
      "provider": "provider[\"registry.terraform.io/hashicorp/azurerm\"]",
      "instances": [
        {
          "schema_version": 0,
          "attributes": {
            "accelerated_networking_enabled": true,
            "applied_dns_servers": [],
            "auxiliary_mode": "",
            "auxiliary_sku": "",
            "dns_servers": [],
            "edge_zone": "",
            "id": "/subscriptions/0e9784a1-7ffb-4ad5-824f-2aaa98c41256/resourceGroups/test/providers/Microsoft.Network/networkInterfaces/f1-2",
            "internal_dns_name_label": "",
            "internal_domain_name_suffix": "cf4bgekvmvburhxh15k2espvch.ax.internal.cloudapp.net",
            "ip_configuration": [
              {
                "gateway_load_balancer_frontend_ip_configuration_id": "",
                "name": "ip1",
                "primary": true,
                "private_ip_address": "10.12.0.7",
                "private_ip_address_allocation": "Dynamic",
                "private_ip_address_version": "IPv4",
                "public_ip_address_id": "/subscriptions/0e9784a1-7ffb-4ad5-824f-2aaa98c41256/resourceGroups/test/providers/Microsoft.Network/publicIPAddresses/testpubic-2",
                "subnet_id": "/subscriptions/0e9784a1-7ffb-4ad5-824f-2aaa98c41256/resourceGroups/RG-Sairam/providers/Microsoft.Network/virtualNetworks/Sai/subnets/Subnet1"
              }
            ],
            "ip_forwarding_enabled": false,
            "location": "westeurope",
            "mac_address": "00-0D-3A-A8-59-C7",
            "name": "f1-2",
            "private_ip_address": "10.12.0.7",
            "private_ip_addresses": [
              "10.12.0.7"
            ],
            "resource_group_name": "test",
            "tags": {},
            "timeouts": null,
            "virtual_machine_id": "/subscriptions/0e9784a1-7ffb-4ad5-824f-2aaa98c41256/resourceGroups/test2/providers/Microsoft.Compute/virtualMachines/Linux-vm-2"
          },
          "sensitive_attributes": [],
          "identity_schema_version": 0,
          "identity": {
            "name": "f1-2",
            "resource_group_name": "test",
            "subscription_id": "0e9784a1-7ffb-4ad5-824f-2aaa98c41256"
          },
          "private": "eyJlMmJmYjczMC1lY2FhLTExZTYtOGY4OC0zNDM2M2JjN2M0YzAiOnsiY3JlYXRlIjoxODAwMDAwMDAwMDAwLCJkZWxldGUiOjE4MDAwMDAwMDAwMDAsInJlYWQiOjMwMDAwMDAwMDAwMCwidXBkYXRlIjoxODAwMDAwMDAwMDAwfSwic2NoZW1hX3ZlcnNpb24iOiIwIn0=",
          "dependencies": [
            "data.azurerm_subnet.subnet",
            "module.pub.azurerm_public_ip.name",
            "module.rg2.azurerm_resource_group.rg"
          ]
        }
      ]
    },
    {
      "module": "module.nictasks[0]",
      "mode": "managed",
      "type": "azurerm_network_interface",
      "name": "nic",
      "provider": "provider[\"registry.terraform.io/hashicorp/azurerm\"]",
      "instances": [
        {
          "schema_version": 0,
          "attributes": {
            "accelerated_networking_enabled": true,
            "applied_dns_servers": [],
            "auxiliary_mode": "",
            "auxiliary_sku": "",
            "dns_servers": [],
            "edge_zone": "",
            "id": "/subscriptions/0e9784a1-7ffb-4ad5-824f-2aaa98c41256/resourceGroups/Tasks/providers/Microsoft.Network/networkInterfaces/task-avset-0",
            "internal_dns_name_label": "",
            "internal_domain_name_suffix": "cf4bgekvmvburhxh15k2espvch.ax.internal.cloudapp.net",
            "ip_configuration": [
              {
                "gateway_load_balancer_frontend_ip_configuration_id": "",
                "name": "ip0",
                "primary": true,
                "private_ip_address": "10.12.0.10",
                "private_ip_address_allocation": "Dynamic",
                "private_ip_address_version": "IPv4",
                "public_ip_address_id": "",
                "subnet_id": "/subscriptions/0e9784a1-7ffb-4ad5-824f-2aaa98c41256/resourceGroups/RG-Sairam/providers/Microsoft.Network/virtualNetworks/Sai/subnets/Subnet1"
              }
            ],
            "ip_forwarding_enabled": false,
            "location": "westeurope",
            "mac_address": "00-0D-3A-48-0D-DB",
            "name": "task-avset-0",
            "private_ip_address": "10.12.0.10",
            "private_ip_addresses": [
              "10.12.0.10"
            ],
            "resource_group_name": "Tasks",
            "tags": {},
            "timeouts": null,
            "virtual_machine_id": "/subscriptions/0e9784a1-7ffb-4ad5-824f-2aaa98c41256/resourceGroups/TASKS/providers/Microsoft.Compute/virtualMachines/tasks-vm-0"
          },
          "sensitive_attributes": [],
          "identity_schema_version": 0,
          "identity": {
            "name": "task-avset-0",
            "resource_group_name": "Tasks",
            "subscription_id": "0e9784a1-7ffb-4ad5-824f-2aaa98c41256"
          },
          "private": "eyJlMmJmYjczMC1lY2FhLTExZTYtOGY4OC0zNDM2M2JjN2M0YzAiOnsiY3JlYXRlIjoxODAwMDAwMDAwMDAwLCJkZWxldGUiOjE4MDAwMDAwMDAwMDAsInJlYWQiOjMwMDAwMDAwMDAwMCwidXBkYXRlIjoxODAwMDAwMDAwMDAwfX0=",
          "dependencies": [
            "data.azurerm_resource_group.rg-task",
            "data.azurerm_subnet.subnet"
          ]
        }
      ]
    },
    {
      "module": "module.nictasks[1]",
      "mode": "managed",
      "type": "azurerm_network_interface",
      "name": "nic",
      "provider": "provider[\"registry.terraform.io/hashicorp/azurerm\"]",
      "instances": [
        {
          "schema_version": 0,
          "attributes": {
            "accelerated_networking_enabled": true,
            "applied_dns_servers": [],
            "auxiliary_mode": "",
            "auxiliary_sku": "",
            "dns_servers": [],
            "edge_zone": "",
            "id": "/subscriptions/0e9784a1-7ffb-4ad5-824f-2aaa98c41256/resourceGroups/Tasks/providers/Microsoft.Network/networkInterfaces/task-avset-1",
            "internal_dns_name_label": "",
            "internal_domain_name_suffix": "cf4bgekvmvburhxh15k2espvch.ax.internal.cloudapp.net",
            "ip_configuration": [
              {
                "gateway_load_balancer_frontend_ip_configuration_id": "",
                "name": "ip1",
                "primary": true,
                "private_ip_address": "10.12.0.8",
                "private_ip_address_allocation": "Dynamic",
                "private_ip_address_version": "IPv4",
                "public_ip_address_id": "",
                "subnet_id": "/subscriptions/0e9784a1-7ffb-4ad5-824f-2aaa98c41256/resourceGroups/RG-Sairam/providers/Microsoft.Network/virtualNetworks/Sai/subnets/Subnet1"
              }
            ],
            "ip_forwarding_enabled": false,
            "location": "westeurope",
            "mac_address": "00-0D-3A-BD-AD-7B",
            "name": "task-avset-1",
            "private_ip_address": "10.12.0.8",
            "private_ip_addresses": [
              "10.12.0.8"
            ],
            "resource_group_name": "Tasks",
            "tags": {},
            "timeouts": null,
            "virtual_machine_id": "/subscriptions/0e9784a1-7ffb-4ad5-824f-2aaa98c41256/resourceGroups/TASKS/providers/Microsoft.Compute/virtualMachines/tasks-vm-1"
          },
          "sensitive_attributes": [],
          "identity_schema_version": 0,
          "identity": {
            "name": "task-avset-1",
            "resource_group_name": "Tasks",
            "subscription_id": "0e9784a1-7ffb-4ad5-824f-2aaa98c41256"
          },
          "private": "eyJlMmJmYjczMC1lY2FhLTExZTYtOGY4OC0zNDM2M2JjN2M0YzAiOnsiY3JlYXRlIjoxODAwMDAwMDAwMDAwLCJkZWxldGUiOjE4MDAwMDAwMDAwMDAsInJlYWQiOjMwMDAwMDAwMDAwMCwidXBkYXRlIjoxODAwMDAwMDAwMDAwfX0=",
          "dependencies": [
            "data.azurerm_resource_group.rg-task",
            "data.azurerm_subnet.subnet"
          ]
        }
      ]
    },
    {
      "module": "module.nictasks[2]",
      "mode": "managed",
      "type": "azurerm_network_interface",
      "name": "nic",
      "provider": "provider[\"registry.terraform.io/hashicorp/azurerm\"]",
      "instances": [
        {
          "schema_version": 0,
          "attributes": {
            "accelerated_networking_enabled": true,
            "applied_dns_servers": [],
            "auxiliary_mode": "",
            "auxiliary_sku": "",
            "dns_servers": null,
            "edge_zone": "",
            "id": "/subscriptions/0e9784a1-7ffb-4ad5-824f-2aaa98c41256/resourceGroups/Tasks/providers/Microsoft.Network/networkInterfaces/task-avset-2",
            "internal_dns_name_label": "",
            "internal_domain_name_suffix": "cf4bgekvmvburhxh15k2espvch.ax.internal.cloudapp.net",
            "ip_configuration": [
              {
                "gateway_load_balancer_frontend_ip_configuration_id": "",
                "name": "ip2",
                "primary": true,
                "private_ip_address": "10.12.0.11",
                "private_ip_address_allocation": "Dynamic",
                "private_ip_address_version": "IPv4",
                "public_ip_address_id": "",
                "subnet_id": "/subscriptions/0e9784a1-7ffb-4ad5-824f-2aaa98c41256/resourceGroups/RG-Sairam/providers/Microsoft.Network/virtualNetworks/Sai/subnets/Subnet1"
              }
            ],
            "ip_forwarding_enabled": false,
            "location": "westeurope",
            "mac_address": "",
            "name": "task-avset-2",
            "private_ip_address": "10.12.0.11",
            "private_ip_addresses": [
              "10.12.0.11"
            ],
            "resource_group_name": "Tasks",
            "tags": null,
            "timeouts": null,
            "virtual_machine_id": ""
          },
          "sensitive_attributes": [],
          "identity_schema_version": 0,
          "identity": {
            "name": "task-avset-2",
            "resource_group_name": "Tasks",
            "subscription_id": "0e9784a1-7ffb-4ad5-824f-2aaa98c41256"
          },
          "private": "eyJlMmJmYjczMC1lY2FhLTExZTYtOGY4OC0zNDM2M2JjN2M0YzAiOnsiY3JlYXRlIjoxODAwMDAwMDAwMDAwLCJkZWxldGUiOjE4MDAwMDAwMDAwMDAsInJlYWQiOjMwMDAwMDAwMDAwMCwidXBkYXRlIjoxODAwMDAwMDAwMDAwfX0=",
          "dependencies": [
            "data.azurerm_resource_group.rg-task",
            "data.azurerm_subnet.subnet"
          ]
        }
      ]
    },
    {
      "module": "module.nictasks[3]",
      "mode": "managed",
      "type": "azurerm_network_interface",
      "name": "nic",
      "provider": "provider[\"registry.terraform.io/hashicorp/azurerm\"]",
      "instances": [
        {
          "schema_version": 0,
          "attributes": {
            "accelerated_networking_enabled": true,
            "applied_dns_servers": [],
            "auxiliary_mode": "",
            "auxiliary_sku": "",
            "dns_servers": null,
            "edge_zone": "",
            "id": "/subscriptions/0e9784a1-7ffb-4ad5-824f-2aaa98c41256/resourceGroups/Tasks/providers/Microsoft.Network/networkInterfaces/task-avset-3",
            "internal_dns_name_label": "",
            "internal_domain_name_suffix": "cf4bgekvmvburhxh15k2espvch.ax.internal.cloudapp.net",
            "ip_configuration": [
              {
                "gateway_load_balancer_frontend_ip_configuration_id": "",
                "name": "ip3",
                "primary": true,
                "private_ip_address": "10.12.0.9",
                "private_ip_address_allocation": "Dynamic",
                "private_ip_address_version": "IPv4",
                "public_ip_address_id": "",
                "subnet_id": "/subscriptions/0e9784a1-7ffb-4ad5-824f-2aaa98c41256/resourceGroups/RG-Sairam/providers/Microsoft.Network/virtualNetworks/Sai/subnets/Subnet1"
              }
            ],
            "ip_forwarding_enabled": false,
            "location": "westeurope",
            "mac_address": "",
            "name": "task-avset-3",
            "private_ip_address": "10.12.0.9",
            "private_ip_addresses": [
              "10.12.0.9"
            ],
            "resource_group_name": "Tasks",
            "tags": null,
            "timeouts": null,
            "virtual_machine_id": ""
          },
          "sensitive_attributes": [],
          "identity_schema_version": 0,
          "identity": {
            "name": "task-avset-3",
            "resource_group_name": "Tasks",
            "subscription_id": "0e9784a1-7ffb-4ad5-824f-2aaa98c41256"
          },
          "private": "eyJlMmJmYjczMC1lY2FhLTExZTYtOGY4OC0zNDM2M2JjN2M0YzAiOnsiY3JlYXRlIjoxODAwMDAwMDAwMDAwLCJkZWxldGUiOjE4MDAwMDAwMDAwMDAsInJlYWQiOjMwMDAwMDAwMDAwMCwidXBkYXRlIjoxODAwMDAwMDAwMDAwfX0=",
          "dependencies": [
            "data.azurerm_resource_group.rg-task",
            "data.azurerm_subnet.subnet"
          ]
        }
      ]
    },
    {
      "module": "module.pub[0]",
      "mode": "managed",
      "type": "azurerm_public_ip",
      "name": "name",
      "provider": "provider[\"registry.terraform.io/hashicorp/azurerm\"]",
      "instances": [
        {
          "schema_version": 0,
          "attributes": {
            "allocation_method": "Static",
            "ddos_protection_mode": "VirtualNetworkInherited",
            "ddos_protection_plan_id": null,
            "domain_name_label": null,
            "domain_name_label_scope": null,
            "edge_zone": "",
            "fqdn": null,
            "id": "/subscriptions/0e9784a1-7ffb-4ad5-824f-2aaa98c41256/resourceGroups/test/providers/Microsoft.Network/publicIPAddresses/testpubic-0",
            "idle_timeout_in_minutes": 4,
            "ip_address": "98.71.171.31",
            "ip_tags": {},
            "ip_version": "IPv4",
            "location": "westeurope",
            "name": "testpubic-0",
            "public_ip_prefix_id": null,
            "resource_group_name": "test",
            "reverse_fqdn": null,
            "sku": "Standard",
            "sku_tier": "Regional",
            "tags": {},
            "timeouts": null,
            "zones": []
          },
          "sensitive_attributes": [],
          "identity_schema_version": 0,
          "private": "eyJlMmJmYjczMC1lY2FhLTExZTYtOGY4OC0zNDM2M2JjN2M0YzAiOnsiY3JlYXRlIjoxODAwMDAwMDAwMDAwLCJkZWxldGUiOjE4MDAwMDAwMDAwMDAsInJlYWQiOjMwMDAwMDAwMDAwMCwidXBkYXRlIjoxODAwMDAwMDAwMDAwfX0=",
          "dependencies": [
            "module.rg2.azurerm_resource_group.rg"
          ]
        }
      ]
    },
    {
      "module": "module.pub[1]",
      "mode": "managed",
      "type": "azurerm_public_ip",
      "name": "name",
      "provider": "provider[\"registry.terraform.io/hashicorp/azurerm\"]",
      "instances": [
        {
          "schema_version": 0,
          "attributes": {
            "allocation_method": "Static",
            "ddos_protection_mode": "VirtualNetworkInherited",
            "ddos_protection_plan_id": null,
            "domain_name_label": null,
            "domain_name_label_scope": null,
            "edge_zone": "",
            "fqdn": null,
            "id": "/subscriptions/0e9784a1-7ffb-4ad5-824f-2aaa98c41256/resourceGroups/test/providers/Microsoft.Network/publicIPAddresses/testpubic-1",
            "idle_timeout_in_minutes": 4,
            "ip_address": "9.163.3.141",
            "ip_tags": {},
            "ip_version": "IPv4",
            "location": "westeurope",
            "name": "testpubic-1",
            "public_ip_prefix_id": null,
            "resource_group_name": "test",
            "reverse_fqdn": null,
            "sku": "Standard",
            "sku_tier": "Regional",
            "tags": {},
            "timeouts": null,
            "zones": []
          },
          "sensitive_attributes": [],
          "identity_schema_version": 0,
          "private": "eyJlMmJmYjczMC1lY2FhLTExZTYtOGY4OC0zNDM2M2JjN2M0YzAiOnsiY3JlYXRlIjoxODAwMDAwMDAwMDAwLCJkZWxldGUiOjE4MDAwMDAwMDAwMDAsInJlYWQiOjMwMDAwMDAwMDAwMCwidXBkYXRlIjoxODAwMDAwMDAwMDAwfX0=",
          "dependencies": [
            "module.rg2.azurerm_resource_group.rg"
          ]
        }
      ]
    },
    {
      "module": "module.pub[2]",
      "mode": "managed",
      "type": "azurerm_public_ip",
      "name": "name",
      "provider": "provider[\"registry.terraform.io/hashicorp/azurerm\"]",
      "instances": [
        {
          "schema_version": 0,
          "attributes": {
            "allocation_method": "Static",
            "ddos_protection_mode": "VirtualNetworkInherited",
            "ddos_protection_plan_id": null,
            "domain_name_label": null,
            "domain_name_label_scope": null,
            "edge_zone": "",
            "fqdn": null,
            "id": "/subscriptions/0e9784a1-7ffb-4ad5-824f-2aaa98c41256/resourceGroups/test/providers/Microsoft.Network/publicIPAddresses/testpubic-2",
            "idle_timeout_in_minutes": 4,
            "ip_address": "98.71.218.165",
            "ip_tags": {},
            "ip_version": "IPv4",
            "location": "westeurope",
            "name": "testpubic-2",
            "public_ip_prefix_id": null,
            "resource_group_name": "test",
            "reverse_fqdn": null,
            "sku": "Standard",
            "sku_tier": "Regional",
            "tags": {},
            "timeouts": null,
            "zones": []
          },
          "sensitive_attributes": [],
          "identity_schema_version": 0,
          "private": "eyJlMmJmYjczMC1lY2FhLTExZTYtOGY4OC0zNDM2M2JjN2M0YzAiOnsiY3JlYXRlIjoxODAwMDAwMDAwMDAwLCJkZWxldGUiOjE4MDAwMDAwMDAwMDAsInJlYWQiOjMwMDAwMDAwMDAwMCwidXBkYXRlIjoxODAwMDAwMDAwMDAwfX0=",
          "dependencies": [
            "module.rg2.azurerm_resource_group.rg"
          ]
        }
      ]
    },
    {
      "module": "module.rg2",
      "mode": "managed",
      "type": "azurerm_resource_group",
      "name": "rg",
      "provider": "provider[\"registry.terraform.io/hashicorp/azurerm\"]",
      "instances": [
        {
          "schema_version": 0,
          "attributes": {
            "id": "/subscriptions/0e9784a1-7ffb-4ad5-824f-2aaa98c41256/resourceGroups/test",
            "location": "westeurope",
            "managed_by": "",
            "name": "test",
            "tags": {},
            "timeouts": null
          },
          "sensitive_attributes": [],
          "identity_schema_version": 0,
          "private": "eyJlMmJmYjczMC1lY2FhLTExZTYtOGY4OC0zNDM2M2JjN2M0YzAiOnsiY3JlYXRlIjo1NDAwMDAwMDAwMDAwLCJkZWxldGUiOjU0MDAwMDAwMDAwMDAsInJlYWQiOjMwMDAwMDAwMDAwMCwidXBkYXRlIjo1NDAwMDAwMDAwMDAwfX0="
        }
      ]
    },
    {
      "module": "module.rg3",
      "mode": "managed",
      "type": "azurerm_resource_group",
      "name": "rg",
      "provider": "provider[\"registry.terraform.io/hashicorp/azurerm\"]",
      "instances": [
        {
          "schema_version": 0,
          "attributes": {
            "id": "/subscriptions/0e9784a1-7ffb-4ad5-824f-2aaa98c41256/resourceGroups/test2",
            "location": "westeurope",
            "managed_by": "",
            "name": "test2",
            "tags": {},
            "timeouts": null
          },
          "sensitive_attributes": [],
          "identity_schema_version": 0,
          "private": "eyJlMmJmYjczMC1lY2FhLTExZTYtOGY4OC0zNDM2M2JjN2M0YzAiOnsiY3JlYXRlIjo1NDAwMDAwMDAwMDAwLCJkZWxldGUiOjU0MDAwMDAwMDAwMDAsInJlYWQiOjMwMDAwMDAwMDAwMCwidXBkYXRlIjo1NDAwMDAwMDAwMDAwfX0="
        }
      ]
    },
    {
      "module": "module.tasks-ubuntu[0]",
      "mode": "managed",
      "type": "azurerm_virtual_machine",
      "name": "main",
      "provider": "provider[\"registry.terraform.io/hashicorp/azurerm\"]",
      "instances": [
        {
          "schema_version": 0,
          "attributes": {
            "additional_capabilities": [],
            "availability_set_id": "/subscriptions/0e9784a1-7ffb-4ad5-824f-2aaa98c41256/resourcegroups/tasks/providers/microsoft.compute/availabilitysets/av-set",
            "boot_diagnostics": [],
            "delete_data_disks_on_termination": false,
            "delete_os_disk_on_termination": false,
            "id": "/subscriptions/0e9784a1-7ffb-4ad5-824f-2aaa98c41256/resourceGroups/Tasks/providers/Microsoft.Compute/virtualMachines/tasks-vm-0",
            "identity": [],
            "license_type": null,
            "location": "westeurope",
            "name": "tasks-vm-0",
            "network_interface_ids": [
              "/subscriptions/0e9784a1-7ffb-4ad5-824f-2aaa98c41256/resourceGroups/Tasks/providers/Microsoft.Network/networkInterfaces/task-avset-0"
            ],
            "os_profile": [
              {
                "admin_password": "",
                "admin_username": "ram",
                "computer_name": "sai",
                "custom_data": ""
              }
            ],
            "os_profile_linux_config": [
              {
                "disable_password_authentication": false,
                "ssh_keys": []
              }
            ],
            "os_profile_secrets": [],
            "os_profile_windows_config": [],
            "plan": [],
            "primary_network_interface_id": null,
            "proximity_placement_group_id": null,
            "resource_group_name": "Tasks",
            "storage_data_disk": [],
            "storage_image_reference": [
              {
                "id": "",
                "offer": "0001-com-ubuntu-server-jammy",
                "publisher": "Canonical",
                "sku": "22_04-lts",
                "version": "latest"
              }
            ],
            "storage_os_disk": [
              {
                "caching": "ReadWrite",
                "create_option": "FromImage",
                "disk_size_gb": 30,
                "image_uri": "",
                "managed_disk_id": "/subscriptions/0e9784a1-7ffb-4ad5-824f-2aaa98c41256/resourceGroups/TASKS/providers/Microsoft.Compute/disks/tasks-vm-0",
                "managed_disk_type": "Standard_LRS",
                "name": "tasks-vm-0",
                "os_type": "Linux",
                "vhd_uri": "",
                "write_accelerator_enabled": false
              }
            ],
            "tags": {
              "environment": "staging"
            },
            "timeouts": null,
            "vm_size": "Standard_D2s_v3",
            "zones": []
          },
          "sensitive_attributes": [
            [
              {
                "type": "get_attr",
                "value": "os_profile"
              }
            ]
          ],
          "identity_schema_version": 0,
          "private": "eyJlMmJmYjczMC1lY2FhLTExZTYtOGY4OC0zNDM2M2JjN2M0YzAiOnsiY3JlYXRlIjozNjAwMDAwMDAwMDAwLCJkZWxldGUiOjM2MDAwMDAwMDAwMDAsInJlYWQiOjMwMDAwMDAwMDAwMCwidXBkYXRlIjozNjAwMDAwMDAwMDAwfX0=",
          "dependencies": [
            "data.azurerm_availability_set.av",
            "data.azurerm_resource_group.rg-task",
            "data.azurerm_subnet.subnet",
            "module.nictasks.azurerm_network_interface.nic"
          ]
        }
      ]
    },
    {
      "module": "module.tasks-ubuntu[1]",
      "mode": "managed",
      "type": "azurerm_virtual_machine",
      "name": "main",
      "provider": "provider[\"registry.terraform.io/hashicorp/azurerm\"]",
      "instances": [
        {
          "schema_version": 0,
          "attributes": {
            "additional_capabilities": [],
            "availability_set_id": "/subscriptions/0e9784a1-7ffb-4ad5-824f-2aaa98c41256/resourcegroups/tasks/providers/microsoft.compute/availabilitysets/av-set",
            "boot_diagnostics": [],
            "delete_data_disks_on_termination": false,
            "delete_os_disk_on_termination": false,
            "id": "/subscriptions/0e9784a1-7ffb-4ad5-824f-2aaa98c41256/resourceGroups/Tasks/providers/Microsoft.Compute/virtualMachines/tasks-vm-1",
            "identity": [],
            "license_type": null,
            "location": "westeurope",
            "name": "tasks-vm-1",
            "network_interface_ids": [
              "/subscriptions/0e9784a1-7ffb-4ad5-824f-2aaa98c41256/resourceGroups/Tasks/providers/Microsoft.Network/networkInterfaces/task-avset-1"
            ],
            "os_profile": [
              {
                "admin_password": "",
                "admin_username": "ram",
                "computer_name": "sai",
                "custom_data": ""
              }
            ],
            "os_profile_linux_config": [
              {
                "disable_password_authentication": false,
                "ssh_keys": []
              }
            ],
            "os_profile_secrets": [],
            "os_profile_windows_config": [],
            "plan": [],
            "primary_network_interface_id": null,
            "proximity_placement_group_id": null,
            "resource_group_name": "Tasks",
            "storage_data_disk": [],
            "storage_image_reference": [
              {
                "id": "",
                "offer": "0001-com-ubuntu-server-jammy",
                "publisher": "Canonical",
                "sku": "22_04-lts",
                "version": "latest"
              }
            ],
            "storage_os_disk": [
              {
                "caching": "ReadWrite",
                "create_option": "FromImage",
                "disk_size_gb": 30,
                "image_uri": "",
                "managed_disk_id": "/subscriptions/0e9784a1-7ffb-4ad5-824f-2aaa98c41256/resourceGroups/TASKS/providers/Microsoft.Compute/disks/tasks-vm-1",
                "managed_disk_type": "Standard_LRS",
                "name": "tasks-vm-1",
                "os_type": "Linux",
                "vhd_uri": "",
                "write_accelerator_enabled": false
              }
            ],
            "tags": {
              "environment": "staging"
            },
            "timeouts": null,
            "vm_size": "Standard_D2s_v3",
            "zones": []
          },
          "sensitive_attributes": [
            [
              {
                "type": "get_attr",
                "value": "os_profile"
              }
            ]
          ],
          "identity_schema_version": 0,
          "private": "eyJlMmJmYjczMC1lY2FhLTExZTYtOGY4OC0zNDM2M2JjN2M0YzAiOnsiY3JlYXRlIjozNjAwMDAwMDAwMDAwLCJkZWxldGUiOjM2MDAwMDAwMDAwMDAsInJlYWQiOjMwMDAwMDAwMDAwMCwidXBkYXRlIjozNjAwMDAwMDAwMDAwfX0=",
          "dependencies": [
            "data.azurerm_availability_set.av",
            "data.azurerm_resource_group.rg-task",
            "data.azurerm_subnet.subnet",
            "module.nictasks.azurerm_network_interface.nic"
          ]
        }
      ]
    },
    {
      "module": "module.tasks-ubuntu[2]",
      "mode": "managed",
      "type": "azurerm_virtual_machine",
      "name": "main",
      "provider": "provider[\"registry.terraform.io/hashicorp/azurerm\"]",
      "instances": [
        {
          "schema_version": 0,
          "attributes": {
            "additional_capabilities": [],
            "availability_set_id": "/subscriptions/0e9784a1-7ffb-4ad5-824f-2aaa98c41256/resourcegroups/tasks/providers/microsoft.compute/availabilitysets/av-set",
            "boot_diagnostics": [],
            "delete_data_disks_on_termination": false,
            "delete_os_disk_on_termination": false,
            "id": "/subscriptions/0e9784a1-7ffb-4ad5-824f-2aaa98c41256/resourceGroups/Tasks/providers/Microsoft.Compute/virtualMachines/tasks-vm-2",
            "identity": [],
            "license_type": null,
            "location": "westeurope",
            "name": "tasks-vm-2",
            "network_interface_ids": [
              "/subscriptions/0e9784a1-7ffb-4ad5-824f-2aaa98c41256/resourceGroups/Tasks/providers/Microsoft.Network/networkInterfaces/task-avset-2"
            ],
            "os_profile": [
              {
                "admin_password": "",
                "admin_username": "ram",
                "computer_name": "sai",
                "custom_data": ""
              }
            ],
            "os_profile_linux_config": [
              {
                "disable_password_authentication": false,
                "ssh_keys": []
              }
            ],
            "os_profile_secrets": [],
            "os_profile_windows_config": [],
            "plan": [],
            "primary_network_interface_id": null,
            "proximity_placement_group_id": null,
            "resource_group_name": "Tasks",
            "storage_data_disk": [],
            "storage_image_reference": [
              {
                "id": "",
                "offer": "0001-com-ubuntu-server-jammy",
                "publisher": "Canonical",
                "sku": "22_04-lts",
                "version": "latest"
              }
            ],
            "storage_os_disk": [
              {
                "caching": "ReadWrite",
                "create_option": "FromImage",
                "disk_size_gb": 30,
                "image_uri": "",
                "managed_disk_id": "/subscriptions/0e9784a1-7ffb-4ad5-824f-2aaa98c41256/resourceGroups/TASKS/providers/Microsoft.Compute/disks/tasks-vm-2",
                "managed_disk_type": "Standard_LRS",
                "name": "tasks-vm-2",
                "os_type": "Linux",
                "vhd_uri": "",
                "write_accelerator_enabled": false
              }
            ],
            "tags": {
              "environment": "staging"
            },
            "timeouts": null,
            "vm_size": "Standard_D2s_v3",
            "zones": null
          },
          "sensitive_attributes": [
            [
              {
                "type": "get_attr",
                "value": "os_profile"
              }
            ]
          ],
          "identity_schema_version": 0,
          "private": "eyJlMmJmYjczMC1lY2FhLTExZTYtOGY4OC0zNDM2M2JjN2M0YzAiOnsiY3JlYXRlIjozNjAwMDAwMDAwMDAwLCJkZWxldGUiOjM2MDAwMDAwMDAwMDAsInJlYWQiOjMwMDAwMDAwMDAwMCwidXBkYXRlIjozNjAwMDAwMDAwMDAwfX0=",
          "dependencies": [
            "data.azurerm_availability_set.av",
            "data.azurerm_resource_group.rg-task",
            "data.azurerm_subnet.subnet",
            "module.nictasks.azurerm_network_interface.nic"
          ]
        }
      ]
    },
    {
      "module": "module.ubuntu[0]",
      "mode": "managed",
      "type": "azurerm_virtual_machine",
      "name": "main",
      "provider": "provider[\"registry.terraform.io/hashicorp/azurerm\"]",
      "instances": [
        {
          "schema_version": 0,
          "attributes": {
            "additional_capabilities": [],
            "availability_set_id": null,
            "boot_diagnostics": [],
            "delete_data_disks_on_termination": false,
            "delete_os_disk_on_termination": false,
            "id": "/subscriptions/0e9784a1-7ffb-4ad5-824f-2aaa98c41256/resourceGroups/test2/providers/Microsoft.Compute/virtualMachines/Linux-vm-0",
            "identity": [],
            "license_type": null,
            "location": "westeurope",
            "name": "Linux-vm-0",
            "network_interface_ids": [
              "/subscriptions/0e9784a1-7ffb-4ad5-824f-2aaa98c41256/resourceGroups/test/providers/Microsoft.Network/networkInterfaces/f1-0"
            ],
            "os_profile": [
              {
                "admin_password": "",
                "admin_username": "ram",
                "computer_name": "sai",
                "custom_data": ""
              }
            ],
            "os_profile_linux_config": [
              {
                "disable_password_authentication": false,
                "ssh_keys": []
              }
            ],
            "os_profile_secrets": [],
            "os_profile_windows_config": [],
            "plan": [],
            "primary_network_interface_id": null,
            "proximity_placement_group_id": null,
            "resource_group_name": "test2",
            "storage_data_disk": [],
            "storage_image_reference": [
              {
                "id": "",
                "offer": "0001-com-ubuntu-server-jammy",
                "publisher": "Canonical",
                "sku": "22_04-lts",
                "version": "latest"
              }
            ],
            "storage_os_disk": [
              {
                "caching": "ReadWrite",
                "create_option": "FromImage",
                "disk_size_gb": 30,
                "image_uri": "",
                "managed_disk_id": "/subscriptions/0e9784a1-7ffb-4ad5-824f-2aaa98c41256/resourceGroups/test2/providers/Microsoft.Compute/disks/Linux-vm-0",
                "managed_disk_type": "Standard_LRS",
                "name": "Linux-vm-0",
                "os_type": "Linux",
                "vhd_uri": "",
                "write_accelerator_enabled": false
              }
            ],
            "tags": {
              "environment": "staging"
            },
            "timeouts": null,
            "vm_size": "Standard_D2s_v3",
            "zones": []
          },
          "sensitive_attributes": [
            [
              {
                "type": "get_attr",
                "value": "os_profile"
              }
            ]
          ],
          "identity_schema_version": 0,
          "private": "eyJlMmJmYjczMC1lY2FhLTExZTYtOGY4OC0zNDM2M2JjN2M0YzAiOnsiY3JlYXRlIjozNjAwMDAwMDAwMDAwLCJkZWxldGUiOjM2MDAwMDAwMDAwMDAsInJlYWQiOjMwMDAwMDAwMDAwMCwidXBkYXRlIjozNjAwMDAwMDAwMDAwfX0=",
          "dependencies": [
            "data.azurerm_subnet.subnet",
            "module.nic1.azurerm_network_interface.nic",
            "module.pub.azurerm_public_ip.name",
            "module.rg2.azurerm_resource_group.rg",
            "module.rg3.azurerm_resource_group.rg"
          ]
        }
      ]
    },
    {
      "module": "module.ubuntu[1]",
      "mode": "managed",
      "type": "azurerm_virtual_machine",
      "name": "main",
      "provider": "provider[\"registry.terraform.io/hashicorp/azurerm\"]",
      "instances": [
        {
          "schema_version": 0,
          "attributes": {
            "additional_capabilities": [],
            "availability_set_id": null,
            "boot_diagnostics": [],
            "delete_data_disks_on_termination": false,
            "delete_os_disk_on_termination": false,
            "id": "/subscriptions/0e9784a1-7ffb-4ad5-824f-2aaa98c41256/resourceGroups/test2/providers/Microsoft.Compute/virtualMachines/Linux-vm-1",
            "identity": [],
            "license_type": null,
            "location": "westeurope",
            "name": "Linux-vm-1",
            "network_interface_ids": [
              "/subscriptions/0e9784a1-7ffb-4ad5-824f-2aaa98c41256/resourceGroups/test/providers/Microsoft.Network/networkInterfaces/f1-1"
            ],
            "os_profile": [
              {
                "admin_password": "",
                "admin_username": "ram",
                "computer_name": "sai",
                "custom_data": ""
              }
            ],
            "os_profile_linux_config": [
              {
                "disable_password_authentication": false,
                "ssh_keys": []
              }
            ],
            "os_profile_secrets": [],
            "os_profile_windows_config": [],
            "plan": [],
            "primary_network_interface_id": null,
            "proximity_placement_group_id": null,
            "resource_group_name": "test2",
            "storage_data_disk": [],
            "storage_image_reference": [
              {
                "id": "",
                "offer": "0001-com-ubuntu-server-jammy",
                "publisher": "Canonical",
                "sku": "22_04-lts",
                "version": "latest"
              }
            ],
            "storage_os_disk": [
              {
                "caching": "ReadWrite",
                "create_option": "FromImage",
                "disk_size_gb": 30,
                "image_uri": "",
                "managed_disk_id": "/subscriptions/0e9784a1-7ffb-4ad5-824f-2aaa98c41256/resourceGroups/test2/providers/Microsoft.Compute/disks/Linux-vm-1",
                "managed_disk_type": "Standard_LRS",
                "name": "Linux-vm-1",
                "os_type": "Linux",
                "vhd_uri": "",
                "write_accelerator_enabled": false
              }
            ],
            "tags": {
              "environment": "staging"
            },
            "timeouts": null,
            "vm_size": "Standard_D2s_v3",
            "zones": []
          },
          "sensitive_attributes": [
            [
              {
                "type": "get_attr",
                "value": "os_profile"
              }
            ]
          ],
          "identity_schema_version": 0,
          "private": "eyJlMmJmYjczMC1lY2FhLTExZTYtOGY4OC0zNDM2M2JjN2M0YzAiOnsiY3JlYXRlIjozNjAwMDAwMDAwMDAwLCJkZWxldGUiOjM2MDAwMDAwMDAwMDAsInJlYWQiOjMwMDAwMDAwMDAwMCwidXBkYXRlIjozNjAwMDAwMDAwMDAwfX0=",
          "dependencies": [
            "data.azurerm_subnet.subnet",
            "module.nic1.azurerm_network_interface.nic",
            "module.pub.azurerm_public_ip.name",
            "module.rg2.azurerm_resource_group.rg",
            "module.rg3.azurerm_resource_group.rg"
          ]
        }
      ]
    },
    {
      "module": "module.ubuntu[2]",
      "mode": "managed",
      "type": "azurerm_virtual_machine",
      "name": "main",
      "provider": "provider[\"registry.terraform.io/hashicorp/azurerm\"]",
      "instances": [
        {
          "schema_version": 0,
          "attributes": {
            "additional_capabilities": [],
            "availability_set_id": null,
            "boot_diagnostics": [],
            "delete_data_disks_on_termination": false,
            "delete_os_disk_on_termination": false,
            "id": "/subscriptions/0e9784a1-7ffb-4ad5-824f-2aaa98c41256/resourceGroups/test2/providers/Microsoft.Compute/virtualMachines/Linux-vm-2",
            "identity": [],
            "license_type": null,
            "location": "westeurope",
            "name": "Linux-vm-2",
            "network_interface_ids": [
              "/subscriptions/0e9784a1-7ffb-4ad5-824f-2aaa98c41256/resourceGroups/test/providers/Microsoft.Network/networkInterfaces/f1-2"
            ],
            "os_profile": [
              {
                "admin_password": "",
                "admin_username": "ram",
                "computer_name": "sai",
                "custom_data": ""
              }
            ],
            "os_profile_linux_config": [
              {
                "disable_password_authentication": false,
                "ssh_keys": []
              }
            ],
            "os_profile_secrets": [],
            "os_profile_windows_config": [],
            "plan": [],
            "primary_network_interface_id": null,
            "proximity_placement_group_id": null,
            "resource_group_name": "test2",
            "storage_data_disk": [],
            "storage_image_reference": [
              {
                "id": "",
                "offer": "0001-com-ubuntu-server-jammy",
                "publisher": "Canonical",
                "sku": "22_04-lts",
                "version": "latest"
              }
            ],
            "storage_os_disk": [
              {
                "caching": "ReadWrite",
                "create_option": "FromImage",
                "disk_size_gb": 30,
                "image_uri": "",
                "managed_disk_id": "/subscriptions/0e9784a1-7ffb-4ad5-824f-2aaa98c41256/resourceGroups/TEST2/providers/Microsoft.Compute/disks/Linux-vm-2",
                "managed_disk_type": "Standard_LRS",
                "name": "Linux-vm-2",
                "os_type": "Linux",
                "vhd_uri": "",
                "write_accelerator_enabled": false
              }
            ],
            "tags": {
              "environment": "staging"
            },
            "timeouts": null,
            "vm_size": "Standard_D2s_v3",
            "zones": []
          },
          "sensitive_attributes": [
            [
              {
                "type": "get_attr",
                "value": "os_profile"
              }
            ]
          ],
          "identity_schema_version": 0,
          "private": "eyJlMmJmYjczMC1lY2FhLTExZTYtOGY4OC0zNDM2M2JjN2M0YzAiOnsiY3JlYXRlIjozNjAwMDAwMDAwMDAwLCJkZWxldGUiOjM2MDAwMDAwMDAwMDAsInJlYWQiOjMwMDAwMDAwMDAwMCwidXBkYXRlIjozNjAwMDAwMDAwMDAwfX0=",
          "dependencies": [
            "data.azurerm_subnet.subnet",
            "module.nic1.azurerm_network_interface.nic",
            "module.pub.azurerm_public_ip.name",
            "module.rg2.azurerm_resource_group.rg",
            "module.rg3.azurerm_resource_group.rg"
          ]
        }
      ]
    }
  ],
  "check_results": null
}
