{
  "version": 4,
  "terraform_version": "1.13.4",
  "serial": 28,
  "lineage": "34ea33e1-c04d-fb42-6205-d501fb12ee1f",
  "outputs": {
    "ip": {
      "value": "10.12.0.5",
      "type": "string"
    },
    "pubip": {
      "value": "4.180.111.174",
      "type": "string"
    }
  },
  "resources": [
    {
      "mode": "data",
      "type": "azurerm_subnet",
      "name": "subnet",
      "provider": "provider[\"registry.terraform.io/hashicorp/azurerm\"]",
      "instances": [
        {
          "schema_version": 0,
          "attributes": {
            "address_prefix": "",
            "address_prefixes": [
              "10.12.0.0/24"
            ],
            "default_outbound_access_enabled": true,
            "id": "/subscriptions/0e9784a1-7ffb-4ad5-824f-2aaa98c41256/resourceGroups/RG-Sairam/providers/Microsoft.Network/virtualNetworks/Sai/subnets/Subnet1",
            "name": "Subnet1",
            "network_security_group_id": "",
            "private_endpoint_network_policies": "Disabled",
            "private_link_service_network_policies_enabled": true,
            "resource_group_name": "RG-Sairam",
            "route_table_id": "",
            "service_endpoints": [],
            "timeouts": null,
            "virtual_network_name": "Sai"
          },
          "sensitive_attributes": [],
          "identity_schema_version": 0
        }
      ]
    },
    {
      "module": "module.nic1",
      "mode": "managed",
      "type": "azurerm_network_interface",
      "name": "nic",
      "provider": "provider[\"registry.terraform.io/hashicorp/azurerm\"]",
      "instances": [
        {
          "schema_version": 0,
          "attributes": {
            "accelerated_networking_enabled": false,
            "applied_dns_servers": [],
            "auxiliary_mode": "",
            "auxiliary_sku": "",
            "dns_servers": null,
            "edge_zone": "",
            "id": "/subscriptions/0e9784a1-7ffb-4ad5-824f-2aaa98c41256/resourceGroups/test/providers/Microsoft.Network/networkInterfaces/f1",
            "internal_dns_name_label": "",
            "internal_domain_name_suffix": "cf4bgekvmvburhxh15k2espvch.ax.internal.cloudapp.net",
            "ip_configuration": [
              {
                "gateway_load_balancer_frontend_ip_configuration_id": "",
                "name": "ip1",
                "primary": true,
                "private_ip_address": "10.12.0.5",
                "private_ip_address_allocation": "Dynamic",
                "private_ip_address_version": "IPv4",
                "public_ip_address_id": "/subscriptions/0e9784a1-7ffb-4ad5-824f-2aaa98c41256/resourceGroups/test/providers/Microsoft.Network/publicIPAddresses/testpubic",
                "subnet_id": "/subscriptions/0e9784a1-7ffb-4ad5-824f-2aaa98c41256/resourceGroups/RG-Sairam/providers/Microsoft.Network/virtualNetworks/Sai/subnets/Subnet1"
              }
            ],
            "ip_forwarding_enabled": false,
            "location": "westeurope",
            "mac_address": "",
            "name": "f1",
            "private_ip_address": "10.12.0.5",
            "private_ip_addresses": [
              "10.12.0.5"
            ],
            "resource_group_name": "test",
            "tags": null,
            "timeouts": null,
            "virtual_machine_id": ""
          },
          "sensitive_attributes": [],
          "identity_schema_version": 0,
          "identity": {
            "name": "f1",
            "resource_group_name": "test",
            "subscription_id": "0e9784a1-7ffb-4ad5-824f-2aaa98c41256"
          },
          "private": "eyJlMmJmYjczMC1lY2FhLTExZTYtOGY4OC0zNDM2M2JjN2M0YzAiOnsiY3JlYXRlIjoxODAwMDAwMDAwMDAwLCJkZWxldGUiOjE4MDAwMDAwMDAwMDAsInJlYWQiOjMwMDAwMDAwMDAwMCwidXBkYXRlIjoxODAwMDAwMDAwMDAwfX0=",
          "dependencies": [
            "data.azurerm_subnet.subnet",
            "module.pub.azurerm_public_ip.name",
            "module.rg2.azurerm_resource_group.rg"
          ]
        }
      ]
    },
    {
      "module": "module.pub",
      "mode": "managed",
      "type": "azurerm_public_ip",
      "name": "name",
      "provider": "provider[\"registry.terraform.io/hashicorp/azurerm\"]",
      "instances": [
        {
          "schema_version": 0,
          "attributes": {
            "allocation_method": "Static",
            "ddos_protection_mode": "VirtualNetworkInherited",
            "ddos_protection_plan_id": null,
            "domain_name_label": null,
            "domain_name_label_scope": null,
            "edge_zone": "",
            "fqdn": null,
            "id": "/subscriptions/0e9784a1-7ffb-4ad5-824f-2aaa98c41256/resourceGroups/test/providers/Microsoft.Network/publicIPAddresses/testpubic",
            "idle_timeout_in_minutes": 4,
            "ip_address": "4.180.111.174",
            "ip_tags": {},
            "ip_version": "IPv4",
            "location": "westeurope",
            "name": "testpubic",
            "public_ip_prefix_id": null,
            "resource_group_name": "test",
            "reverse_fqdn": null,
            "sku": "Standard",
            "sku_tier": "Regional",
            "tags": {},
            "timeouts": null,
            "zones": []
          },
          "sensitive_attributes": [],
          "identity_schema_version": 0,
          "private": "eyJlMmJmYjczMC1lY2FhLTExZTYtOGY4OC0zNDM2M2JjN2M0YzAiOnsiY3JlYXRlIjoxODAwMDAwMDAwMDAwLCJkZWxldGUiOjE4MDAwMDAwMDAwMDAsInJlYWQiOjMwMDAwMDAwMDAwMCwidXBkYXRlIjoxODAwMDAwMDAwMDAwfX0=",
          "dependencies": [
            "module.rg2.azurerm_resource_group.rg"
          ]
        }
      ]
    },
    {
      "module": "module.rg2",
      "mode": "managed",
      "type": "azurerm_resource_group",
      "name": "rg",
      "provider": "provider[\"registry.terraform.io/hashicorp/azurerm\"]",
      "instances": [
        {
          "schema_version": 0,
          "attributes": {
            "id": "/subscriptions/0e9784a1-7ffb-4ad5-824f-2aaa98c41256/resourceGroups/test",
            "location": "eastus",
            "managed_by": "",
            "name": "test",
            "tags": {},
            "timeouts": null
          },
          "sensitive_attributes": [],
          "identity_schema_version": 0,
          "private": "eyJlMmJmYjczMC1lY2FhLTExZTYtOGY4OC0zNDM2M2JjN2M0YzAiOnsiY3JlYXRlIjo1NDAwMDAwMDAwMDAwLCJkZWxldGUiOjU0MDAwMDAwMDAwMDAsInJlYWQiOjMwMDAwMDAwMDAwMCwidXBkYXRlIjo1NDAwMDAwMDAwMDAwfX0="
        }
      ]
    },
    {
      "module": "module.rg3",
      "mode": "managed",
      "type": "azurerm_resource_group",
      "name": "rg",
      "provider": "provider[\"registry.terraform.io/hashicorp/azurerm\"]",
      "instances": [
        {
          "schema_version": 0,
          "attributes": {
            "id": "/subscriptions/0e9784a1-7ffb-4ad5-824f-2aaa98c41256/resourceGroups/test2",
            "location": "eastus",
            "managed_by": "",
            "name": "test2",
            "tags": null,
            "timeouts": null
          },
          "sensitive_attributes": [],
          "identity_schema_version": 0,
          "private": "eyJlMmJmYjczMC1lY2FhLTExZTYtOGY4OC0zNDM2M2JjN2M0YzAiOnsiY3JlYXRlIjo1NDAwMDAwMDAwMDAwLCJkZWxldGUiOjU0MDAwMDAwMDAwMDAsInJlYWQiOjMwMDAwMDAwMDAwMCwidXBkYXRlIjo1NDAwMDAwMDAwMDAwfX0="
        }
      ]
    }
  ],
  "check_results": null
}
