{
  "version": 4,
  "terraform_version": "1.14.1",
  "serial": 13,
  "lineage": "d3751cba-491c-ca70-d4c3-8d8afc4fcb7e",
  "outputs": {
    "private": {
      "value": "10.0.1.5",
      "type": "string"
    },
    "pub": {
      "value": "172.171.100.12",
      "type": "string"
    }
  },
  "resources": [
    {
      "mode": "data",
      "type": "azurerm_subnet",
      "name": "sub",
      "provider": "provider[\"registry.terraform.io/hashicorp/azurerm\"]",
      "instances": [
        {
          "schema_version": 0,
          "attributes": {
            "address_prefix": "10.0.1.0/24",
            "address_prefixes": [
              "10.0.1.0/24"
            ],
            "default_outbound_access_enabled": true,
            "id": "/subscriptions/f88de9d1-2f8a-4973-a97d-883dcf49367c/resourceGroups/Mahesh_terraform/providers/Microsoft.Network/virtualNetworks/RHEL-Vnet/subnets/snet-westus2-1",
            "name": "snet-westus2-1",
            "network_security_group_id": "",
            "private_endpoint_network_policies": "Disabled",
            "private_link_service_network_policies_enabled": true,
            "resource_group_name": "Mahesh_terraform",
            "route_table_id": "",
            "service_endpoints": [],
            "timeouts": null,
            "virtual_network_name": "RHEL-Vnet"
          },
          "sensitive_attributes": [],
          "identity_schema_version": 0
        }
      ]
    },
    {
      "module": "module.nic",
      "mode": "managed",
      "type": "azurerm_network_interface",
      "name": "nic",
      "provider": "provider[\"registry.terraform.io/hashicorp/azurerm\"]",
      "instances": [
        {
          "schema_version": 0,
          "attributes": {
            "accelerated_networking_enabled": true,
            "applied_dns_servers": [],
            "auxiliary_mode": "",
            "auxiliary_sku": "",
            "dns_servers": [],
            "edge_zone": "",
            "id": "/subscriptions/f88de9d1-2f8a-4973-a97d-883dcf49367c/resourceGroups/Mahesh_terraform/providers/Microsoft.Network/networkInterfaces/mahesh2",
            "internal_dns_name_label": "",
            "internal_domain_name_suffix": "ug4pywq4enhedhleyuofv5uqid.xx.internal.cloudapp.net",
            "ip_configuration": [
              {
                "gateway_load_balancer_frontend_ip_configuration_id": "",
                "name": "test",
                "primary": true,
                "private_ip_address": "10.0.1.5",
                "private_ip_address_allocation": "Dynamic",
                "private_ip_address_version": "IPv4",
                "public_ip_address_id": "/subscriptions/f88de9d1-2f8a-4973-a97d-883dcf49367c/resourceGroups/Mahesh_terraform/providers/Microsoft.Network/publicIPAddresses/ip1",
                "subnet_id": "/subscriptions/f88de9d1-2f8a-4973-a97d-883dcf49367c/resourceGroups/Mahesh_terraform/providers/Microsoft.Network/virtualNetworks/RHEL-Vnet/subnets/snet-westus2-1"
              }
            ],
            "ip_forwarding_enabled": false,
            "location": "westus2",
            "mac_address": "00-22-48-BE-72-85",
            "name": "mahesh2",
            "private_ip_address": "10.0.1.5",
            "private_ip_addresses": [
              "10.0.1.5"
            ],
            "resource_group_name": "Mahesh_terraform",
            "tags": {},
            "timeouts": null,
            "virtual_machine_id": "/subscriptions/f88de9d1-2f8a-4973-a97d-883dcf49367c/resourceGroups/Mahesh_terraform/providers/Microsoft.Compute/virtualMachines/redhat"
          },
          "sensitive_attributes": [],
          "identity_schema_version": 0,
          "identity": {
            "name": "mahesh2",
            "resource_group_name": "Mahesh_terraform",
            "subscription_id": "f88de9d1-2f8a-4973-a97d-883dcf49367c"
          },
          "private": "eyJlMmJmYjczMC1lY2FhLTExZTYtOGY4OC0zNDM2M2JjN2M0YzAiOnsiY3JlYXRlIjoxODAwMDAwMDAwMDAwLCJkZWxldGUiOjE4MDAwMDAwMDAwMDAsInJlYWQiOjMwMDAwMDAwMDAwMCwidXBkYXRlIjoxODAwMDAwMDAwMDAwfX0=",
          "dependencies": [
            "data.azurerm_subnet.sub",
            "module.pubip.azurerm_public_ip.name"
          ]
        }
      ]
    },
    {
      "module": "module.nsg-mahesh",
      "mode": "managed",
      "type": "azurerm_network_security_group",
      "name": "name",
      "provider": "provider[\"registry.terraform.io/hashicorp/azurerm\"]",
      "instances": [
        {
          "schema_version": 0,
          "attributes": {
            "id": "/subscriptions/f88de9d1-2f8a-4973-a97d-883dcf49367c/resourceGroups/Mahesh_terraform/providers/Microsoft.Network/networkSecurityGroups/mahesh_nsg",
            "location": "westus2",
            "name": "mahesh_nsg",
            "resource_group_name": "Mahesh_terraform",
            "security_rule": [
              {
                "access": "Allow",
                "description": "",
                "destination_address_prefix": "*",
                "destination_address_prefixes": [],
                "destination_application_security_group_ids": [],
                "destination_port_range": "22",
                "destination_port_ranges": [],
                "direction": "Inbound",
                "name": "ALlow-ssh",
                "priority": 110,
                "protocol": "Tcp",
                "source_address_prefix": "*",
                "source_address_prefixes": [],
                "source_application_security_group_ids": [],
                "source_port_range": "*",
                "source_port_ranges": []
              }
            ],
            "tags": null,
            "timeouts": null
          },
          "sensitive_attributes": [],
          "identity_schema_version": 0,
          "identity": {
            "name": "mahesh_nsg",
            "resource_group_name": "Mahesh_terraform",
            "subscription_id": "f88de9d1-2f8a-4973-a97d-883dcf49367c"
          },
          "private": "eyJlMmJmYjczMC1lY2FhLTExZTYtOGY4OC0zNDM2M2JjN2M0YzAiOnsiY3JlYXRlIjoxODAwMDAwMDAwMDAwLCJkZWxldGUiOjE4MDAwMDAwMDAwMDAsInJlYWQiOjMwMDAwMDAwMDAwMCwidXBkYXRlIjoxODAwMDAwMDAwMDAwfX0=",
          "dependencies": [
            "data.azurerm_subnet.sub"
          ]
        }
      ]
    },
    {
      "module": "module.pubip",
      "mode": "managed",
      "type": "azurerm_public_ip",
      "name": "name",
      "provider": "provider[\"registry.terraform.io/hashicorp/azurerm\"]",
      "instances": [
        {
          "schema_version": 0,
          "attributes": {
            "allocation_method": "Static",
            "ddos_protection_mode": "VirtualNetworkInherited",
            "ddos_protection_plan_id": null,
            "domain_name_label": null,
            "domain_name_label_scope": null,
            "edge_zone": "",
            "fqdn": null,
            "id": "/subscriptions/f88de9d1-2f8a-4973-a97d-883dcf49367c/resourceGroups/Mahesh_terraform/providers/Microsoft.Network/publicIPAddresses/ip1",
            "idle_timeout_in_minutes": 4,
            "ip_address": "172.171.100.12",
            "ip_tags": {},
            "ip_version": "IPv4",
            "location": "westus2",
            "name": "ip1",
            "public_ip_prefix_id": null,
            "resource_group_name": "Mahesh_terraform",
            "reverse_fqdn": null,
            "sku": "Standard",
            "sku_tier": "Regional",
            "tags": {},
            "timeouts": null,
            "zones": []
          },
          "sensitive_attributes": [],
          "identity_schema_version": 0,
          "private": "eyJlMmJmYjczMC1lY2FhLTExZTYtOGY4OC0zNDM2M2JjN2M0YzAiOnsiY3JlYXRlIjoxODAwMDAwMDAwMDAwLCJkZWxldGUiOjE4MDAwMDAwMDAwMDAsInJlYWQiOjMwMDAwMDAwMDAwMCwidXBkYXRlIjoxODAwMDAwMDAwMDAwfX0=",
          "dependencies": [
            "data.azurerm_subnet.sub"
          ]
        }
      ]
    },
    {
      "module": "module.red-hat-vm",
      "mode": "managed",
      "type": "azurerm_virtual_machine",
      "name": "main",
      "provider": "provider[\"registry.terraform.io/hashicorp/azurerm\"]",
      "instances": [
        {
          "schema_version": 0,
          "attributes": {
            "additional_capabilities": [],
            "availability_set_id": null,
            "boot_diagnostics": [],
            "delete_data_disks_on_termination": false,
            "delete_os_disk_on_termination": false,
            "id": "/subscriptions/f88de9d1-2f8a-4973-a97d-883dcf49367c/resourceGroups/Mahesh_terraform/providers/Microsoft.Compute/virtualMachines/redhat",
            "identity": [],
            "license_type": null,
            "location": "westus2",
            "name": "redhat",
            "network_interface_ids": [
              "/subscriptions/f88de9d1-2f8a-4973-a97d-883dcf49367c/resourceGroups/Mahesh_terraform/providers/Microsoft.Network/networkInterfaces/mahesh2"
            ],
            "os_profile": [
              {
                "admin_password": "",
                "admin_username": "mahesh",
                "computer_name": "jaiMahesh",
                "custom_data": ""
              }
            ],
            "os_profile_linux_config": [
              {
                "disable_password_authentication": false,
                "ssh_keys": []
              }
            ],
            "os_profile_secrets": [],
            "os_profile_windows_config": [],
            "plan": [],
            "primary_network_interface_id": null,
            "proximity_placement_group_id": null,
            "resource_group_name": "Mahesh_terraform",
            "storage_data_disk": [],
            "storage_image_reference": [
              {
                "id": "",
                "offer": "RHEL",
                "publisher": "RedHat",
                "sku": "9_4",
                "version": "latest"
              }
            ],
            "storage_os_disk": [
              {
                "caching": "ReadWrite",
                "create_option": "FromImage",
                "disk_size_gb": 64,
                "image_uri": "",
                "managed_disk_id": "/subscriptions/f88de9d1-2f8a-4973-a97d-883dcf49367c/resourceGroups/Mahesh_terraform/providers/Microsoft.Compute/disks/redhat",
                "managed_disk_type": "Standard_LRS",
                "name": "redhat",
                "os_type": "Linux",
                "vhd_uri": "",
                "write_accelerator_enabled": false
              }
            ],
            "tags": {
              "environment": "staging"
            },
            "timeouts": null,
            "vm_size": "Standard_D2s_v3",
            "zones": []
          },
          "sensitive_attributes": [
            [
              {
                "type": "get_attr",
                "value": "os_profile"
              }
            ]
          ],
          "identity_schema_version": 0,
          "private": "eyJlMmJmYjczMC1lY2FhLTExZTYtOGY4OC0zNDM2M2JjN2M0YzAiOnsiY3JlYXRlIjozNjAwMDAwMDAwMDAwLCJkZWxldGUiOjM2MDAwMDAwMDAwMDAsInJlYWQiOjMwMDAwMDAwMDAwMCwidXBkYXRlIjozNjAwMDAwMDAwMDAwfX0=",
          "dependencies": [
            "data.azurerm_subnet.sub",
            "module.nic.azurerm_network_interface.nic",
            "module.pubip.azurerm_public_ip.name"
          ]
        }
      ]
    }
  ],
  "check_results": null
}
