{
  "version": 4,
  "terraform_version": "1.14.1",
  "serial": 41,
  "lineage": "461c4cbf-ce6a-bf8b-37de-a1542f7c24ef",
  "outputs": {
    "pubip": {
      "value": "172.191.106.153",
      "type": "string"
    }
  },
  "resources": [
    {
      "module": "module.AD-RG",
      "mode": "managed",
      "type": "azurerm_resource_group",
      "name": "rg",
      "provider": "provider[\"registry.terraform.io/hashicorp/azurerm\"]",
      "instances": [
        {
          "schema_version": 0,
          "attributes": {
            "id": "/subscriptions/0e9784a1-7ffb-4ad5-824f-2aaa98c41256/resourceGroups/AD",
            "location": "eastus",
            "managed_by": "",
            "name": "AD",
            "tags": {},
            "timeouts": null
          },
          "sensitive_attributes": [],
          "identity_schema_version": 0,
          "identity": {
            "name": "AD",
            "subscription_id": "0e9784a1-7ffb-4ad5-824f-2aaa98c41256"
          },
          "private": "eyJlMmJmYjczMC1lY2FhLTExZTYtOGY4OC0zNDM2M2JjN2M0YzAiOnsiY3JlYXRlIjo1NDAwMDAwMDAwMDAwLCJkZWxldGUiOjU0MDAwMDAwMDAwMDAsInJlYWQiOjMwMDAwMDAwMDAwMCwidXBkYXRlIjo1NDAwMDAwMDAwMDAwfX0="
        }
      ]
    },
    {
      "module": "module.Vnet",
      "mode": "managed",
      "type": "azurerm_virtual_network",
      "name": "vnet",
      "provider": "provider[\"registry.terraform.io/hashicorp/azurerm\"]",
      "instances": [
        {
          "schema_version": 0,
          "attributes": {
            "address_space": [
              "10.2.0.0/16"
            ],
            "bgp_community": "",
            "ddos_protection_plan": [],
            "dns_servers": [
              "10.2.1.5"
            ],
            "edge_zone": "",
            "encryption": [],
            "flow_timeout_in_minutes": 0,
            "guid": "76f990f5-eb24-4a58-bd74-7f9605c144d2",
            "id": "/subscriptions/0e9784a1-7ffb-4ad5-824f-2aaa98c41256/resourceGroups/AD/providers/Microsoft.Network/virtualNetworks/AD-Vnet",
            "ip_address_pool": [],
            "location": "eastus",
            "name": "AD-Vnet",
            "private_endpoint_vnet_policies": "Disabled",
            "resource_group_name": "AD",
            "subnet": [
              {
                "address_prefixes": [
                  "10.2.1.0/24"
                ],
                "default_outbound_access_enabled": true,
                "delegation": [],
                "id": "/subscriptions/0e9784a1-7ffb-4ad5-824f-2aaa98c41256/resourceGroups/AD/providers/Microsoft.Network/virtualNetworks/AD-Vnet/subnets/vms",
                "name": "vms",
                "private_endpoint_network_policies": "Disabled",
                "private_link_service_network_policies_enabled": false,
                "route_table_id": "",
                "security_group": "",
                "service_endpoint_policy_ids": [],
                "service_endpoints": []
              }
            ],
            "tags": {},
            "timeouts": null
          },
          "sensitive_attributes": [],
          "identity_schema_version": 0,
          "identity": {
            "name": "AD-Vnet",
            "resource_group_name": "AD",
            "subscription_id": "0e9784a1-7ffb-4ad5-824f-2aaa98c41256"
          },
          "private": "eyJlMmJmYjczMC1lY2FhLTExZTYtOGY4OC0zNDM2M2JjN2M0YzAiOnsiY3JlYXRlIjoxODAwMDAwMDAwMDAwLCJkZWxldGUiOjE4MDAwMDAwMDAwMDAsInJlYWQiOjMwMDAwMDAwMDAwMCwidXBkYXRlIjoxODAwMDAwMDAwMDAwfX0=",
          "dependencies": [
            "module.AD-RG.azurerm_resource_group.rg"
          ]
        }
      ]
    },
    {
      "module": "module.linux-redhat-AD",
      "mode": "managed",
      "type": "azurerm_virtual_machine",
      "name": "main",
      "provider": "provider[\"registry.terraform.io/hashicorp/azurerm\"]",
      "instances": [
        {
          "schema_version": 0,
          "attributes": {
            "additional_capabilities": [],
            "availability_set_id": null,
            "boot_diagnostics": [],
            "delete_data_disks_on_termination": true,
            "delete_os_disk_on_termination": true,
            "id": "/subscriptions/0e9784a1-7ffb-4ad5-824f-2aaa98c41256/resourceGroups/AD/providers/Microsoft.Compute/virtualMachines/redhat-AD",
            "identity": [],
            "license_type": null,
            "location": "eastus",
            "name": "redhat-AD",
            "network_interface_ids": [
              "/subscriptions/0e9784a1-7ffb-4ad5-824f-2aaa98c41256/resourceGroups/AD/providers/Microsoft.Network/networkInterfaces/AD-0"
            ],
            "os_profile": [
              {
                "admin_password": "",
                "admin_username": "sai",
                "computer_name": "redhat",
                "custom_data": ""
              }
            ],
            "os_profile_linux_config": [
              {
                "disable_password_authentication": false,
                "ssh_keys": []
              }
            ],
            "os_profile_secrets": [],
            "os_profile_windows_config": [],
            "plan": [],
            "primary_network_interface_id": null,
            "proximity_placement_group_id": null,
            "resource_group_name": "AD",
            "storage_data_disk": [],
            "storage_image_reference": [
              {
                "id": "",
                "offer": "rhel",
                "publisher": "redhat",
                "sku": "9_4",
                "version": "latest"
              }
            ],
            "storage_os_disk": [
              {
                "caching": "ReadWrite",
                "create_option": "FromImage",
                "disk_size_gb": 64,
                "image_uri": "",
                "managed_disk_id": "/subscriptions/0e9784a1-7ffb-4ad5-824f-2aaa98c41256/resourceGroups/AD/providers/Microsoft.Compute/disks/redhat-AD",
                "managed_disk_type": "Standard_LRS",
                "name": "redhat-AD",
                "os_type": "Linux",
                "vhd_uri": "",
                "write_accelerator_enabled": false
              }
            ],
            "tags": {
              "environment": "staging"
            },
            "timeouts": null,
            "vm_size": "Standard_D2s_v3",
            "zones": []
          },
          "sensitive_attributes": [
            [
              {
                "type": "get_attr",
                "value": "os_profile"
              }
            ]
          ],
          "identity_schema_version": 0,
          "private": "eyJlMmJmYjczMC1lY2FhLTExZTYtOGY4OC0zNDM2M2JjN2M0YzAiOnsiY3JlYXRlIjozNjAwMDAwMDAwMDAwLCJkZWxldGUiOjM2MDAwMDAwMDAwMDAsInJlYWQiOjMwMDAwMDAwMDAwMCwidXBkYXRlIjozNjAwMDAwMDAwMDAwfX0=",
          "dependencies": [
            "module.AD-RG.azurerm_resource_group.rg",
            "module.Vnet.azurerm_virtual_network.vnet",
            "module.nic-AD.azurerm_network_interface.nic",
            "module.pubips.azurerm_public_ip.name",
            "module.subnet1.azurerm_subnet.subnet"
          ]
        }
      ]
    },
    {
      "module": "module.linux-win10[0]",
      "mode": "managed",
      "type": "azurerm_windows_virtual_machine",
      "name": "example",
      "provider": "provider[\"registry.terraform.io/hashicorp/azurerm\"]",
      "instances": [
        {
          "schema_version": 0,
          "attributes": {
            "additional_capabilities": [],
            "additional_unattend_content": [],
            "admin_password": "ram@6281304637",
            "admin_username": "sai",
            "allow_extension_operations": true,
            "automatic_updates_enabled": true,
            "availability_set_id": "",
            "boot_diagnostics": [],
            "bypass_platform_safety_checks_on_user_schedule_enabled": false,
            "capacity_reservation_group_id": "",
            "computer_name": "AD-Windows-0",
            "custom_data": null,
            "dedicated_host_group_id": "",
            "dedicated_host_id": "",
            "disk_controller_type": "SCSI",
            "edge_zone": "",
            "enable_automatic_updates": true,
            "encryption_at_host_enabled": false,
            "eviction_policy": "",
            "extensions_time_budget": "PT1H30M",
            "gallery_application": [],
            "hotpatching_enabled": false,
            "id": "/subscriptions/0e9784a1-7ffb-4ad5-824f-2aaa98c41256/resourceGroups/AD/providers/Microsoft.Compute/virtualMachines/AD-Windows-0",
            "identity": [],
            "license_type": "",
            "location": "eastus",
            "max_bid_price": -1,
            "name": "AD-Windows-0",
            "network_interface_ids": [
              "/subscriptions/0e9784a1-7ffb-4ad5-824f-2aaa98c41256/resourceGroups/AD/providers/Microsoft.Network/networkInterfaces/AD-1"
            ],
            "os_disk": [
              {
                "caching": "ReadWrite",
                "diff_disk_settings": [],
                "disk_encryption_set_id": "",
                "disk_size_gb": 127,
                "id": "/subscriptions/0e9784a1-7ffb-4ad5-824f-2aaa98c41256/resourceGroups/AD/providers/Microsoft.Compute/disks/AD-Windows-0_disk1_50835607dd6041adb9a3d650f79222dd",
                "name": "AD-Windows-0_disk1_50835607dd6041adb9a3d650f79222dd",
                "secure_vm_disk_encryption_set_id": "",
                "security_encryption_type": "",
                "storage_account_type": "Standard_LRS",
                "write_accelerator_enabled": false
              }
            ],
            "os_image_notification": [],
            "os_managed_disk_id": "/subscriptions/0e9784a1-7ffb-4ad5-824f-2aaa98c41256/resourceGroups/AD/providers/Microsoft.Compute/disks/AD-Windows-0_disk1_50835607dd6041adb9a3d650f79222dd",
            "patch_assessment_mode": "ImageDefault",
            "patch_mode": "AutomaticByOS",
            "plan": [],
            "platform_fault_domain": -1,
            "priority": "Regular",
            "private_ip_address": "10.2.1.5",
            "private_ip_addresses": [
              "10.2.1.5"
            ],
            "provision_vm_agent": true,
            "proximity_placement_group_id": "",
            "public_ip_address": "172.191.106.153",
            "public_ip_addresses": [
              "172.191.106.153"
            ],
            "reboot_setting": "",
            "resource_group_name": "AD",
            "secret": [],
            "secure_boot_enabled": false,
            "size": "Standard_D2s_v3",
            "source_image_id": "",
            "source_image_reference": [
              {
                "offer": "WindowsServer",
                "publisher": "MicrosoftWindowsServer",
                "sku": "2022-Datacenter-g2",
                "version": "latest"
              }
            ],
            "tags": {},
            "termination_notification": [],
            "timeouts": null,
            "timezone": "",
            "user_data": "",
            "virtual_machine_id": "32e4e172-0a73-4c1e-94f7-0bd3fb9ee8d1",
            "virtual_machine_scale_set_id": "",
            "vm_agent_platform_updates_enabled": true,
            "vtpm_enabled": false,
            "winrm_listener": [],
            "zone": ""
          },
          "sensitive_attributes": [
            [
              {
                "type": "get_attr",
                "value": "admin_password"
              }
            ],
            [
              {
                "type": "get_attr",
                "value": "custom_data"
              }
            ]
          ],
          "identity_schema_version": 0,
          "private": "eyJlMmJmYjczMC1lY2FhLTExZTYtOGY4OC0zNDM2M2JjN2M0YzAiOnsiY3JlYXRlIjoyNzAwMDAwMDAwMDAwLCJkZWxldGUiOjI3MDAwMDAwMDAwMDAsInJlYWQiOjMwMDAwMDAwMDAwMCwidXBkYXRlIjoyNzAwMDAwMDAwMDAwfX0=",
          "dependencies": [
            "module.AD-RG.azurerm_resource_group.rg",
            "module.Vnet.azurerm_virtual_network.vnet",
            "module.nic-AD.azurerm_network_interface.nic",
            "module.nic-AD.azurerm_network_interface_security_group_association.name",
            "module.nsg-AD.azurerm_network_security_group.name",
            "module.pubips.azurerm_public_ip.name",
            "module.subnet1.azurerm_subnet.subnet"
          ]
        }
      ]
    },
    {
      "module": "module.linux-win10[1]",
      "mode": "managed",
      "type": "azurerm_windows_virtual_machine",
      "name": "example",
      "provider": "provider[\"registry.terraform.io/hashicorp/azurerm\"]",
      "instances": [
        {
          "schema_version": 0,
          "attributes": {
            "additional_capabilities": [],
            "additional_unattend_content": [],
            "admin_password": "ram@6281304637",
            "admin_username": "sai",
            "allow_extension_operations": true,
            "automatic_updates_enabled": true,
            "availability_set_id": "",
            "boot_diagnostics": [],
            "bypass_platform_safety_checks_on_user_schedule_enabled": false,
            "capacity_reservation_group_id": "",
            "computer_name": "AD-Windows-1",
            "custom_data": null,
            "dedicated_host_group_id": "",
            "dedicated_host_id": "",
            "disk_controller_type": "SCSI",
            "edge_zone": "",
            "enable_automatic_updates": true,
            "encryption_at_host_enabled": false,
            "eviction_policy": "",
            "extensions_time_budget": "PT1H30M",
            "gallery_application": [],
            "hotpatching_enabled": false,
            "id": "/subscriptions/0e9784a1-7ffb-4ad5-824f-2aaa98c41256/resourceGroups/AD/providers/Microsoft.Compute/virtualMachines/AD-Windows-1",
            "identity": [],
            "license_type": "",
            "location": "eastus",
            "max_bid_price": -1,
            "name": "AD-Windows-1",
            "network_interface_ids": [
              "/subscriptions/0e9784a1-7ffb-4ad5-824f-2aaa98c41256/resourceGroups/AD/providers/Microsoft.Network/networkInterfaces/AD-2"
            ],
            "os_disk": [
              {
                "caching": "ReadWrite",
                "diff_disk_settings": [],
                "disk_encryption_set_id": "",
                "disk_size_gb": 127,
                "id": "/subscriptions/0e9784a1-7ffb-4ad5-824f-2aaa98c41256/resourceGroups/AD/providers/Microsoft.Compute/disks/AD-Windows-1_OsDisk_1_c66761ccd49045a38b24586fb53da856",
                "name": "AD-Windows-1_OsDisk_1_c66761ccd49045a38b24586fb53da856",
                "secure_vm_disk_encryption_set_id": "",
                "security_encryption_type": "",
                "storage_account_type": "Standard_LRS",
                "write_accelerator_enabled": false
              }
            ],
            "os_image_notification": [],
            "os_managed_disk_id": "/subscriptions/0e9784a1-7ffb-4ad5-824f-2aaa98c41256/resourceGroups/AD/providers/Microsoft.Compute/disks/AD-Windows-1_OsDisk_1_c66761ccd49045a38b24586fb53da856",
            "patch_assessment_mode": "ImageDefault",
            "patch_mode": "AutomaticByOS",
            "plan": [],
            "platform_fault_domain": -1,
            "priority": "Regular",
            "private_ip_address": "10.2.1.4",
            "private_ip_addresses": [
              "10.2.1.4"
            ],
            "provision_vm_agent": true,
            "proximity_placement_group_id": "",
            "public_ip_address": "",
            "public_ip_addresses": [],
            "reboot_setting": "",
            "resource_group_name": "AD",
            "secret": [],
            "secure_boot_enabled": false,
            "size": "Standard_D2s_v3",
            "source_image_id": "",
            "source_image_reference": [
              {
                "offer": "WindowsServer",
                "publisher": "MicrosoftWindowsServer",
                "sku": "2022-Datacenter-g2",
                "version": "latest"
              }
            ],
            "tags": {},
            "termination_notification": [],
            "timeouts": null,
            "timezone": "",
            "user_data": "",
            "virtual_machine_id": "e3c982aa-c0c5-4417-bcd8-49caece80458",
            "virtual_machine_scale_set_id": "",
            "vm_agent_platform_updates_enabled": true,
            "vtpm_enabled": false,
            "winrm_listener": [],
            "zone": ""
          },
          "sensitive_attributes": [
            [
              {
                "type": "get_attr",
                "value": "admin_password"
              }
            ],
            [
              {
                "type": "get_attr",
                "value": "custom_data"
              }
            ]
          ],
          "identity_schema_version": 0,
          "private": "eyJlMmJmYjczMC1lY2FhLTExZTYtOGY4OC0zNDM2M2JjN2M0YzAiOnsiY3JlYXRlIjoyNzAwMDAwMDAwMDAwLCJkZWxldGUiOjI3MDAwMDAwMDAwMDAsInJlYWQiOjMwMDAwMDAwMDAwMCwidXBkYXRlIjoyNzAwMDAwMDAwMDAwfX0=",
          "dependencies": [
            "module.AD-RG.azurerm_resource_group.rg",
            "module.Vnet.azurerm_virtual_network.vnet",
            "module.nic-AD.azurerm_network_interface.nic",
            "module.nic-AD.azurerm_network_interface_security_group_association.name",
            "module.nsg-AD.azurerm_network_security_group.name",
            "module.pubips.azurerm_public_ip.name",
            "module.subnet1.azurerm_subnet.subnet"
          ]
        }
      ]
    },
    {
      "module": "module.nic-AD[0]",
      "mode": "managed",
      "type": "azurerm_network_interface",
      "name": "nic",
      "provider": "provider[\"registry.terraform.io/hashicorp/azurerm\"]",
      "instances": [
        {
          "schema_version": 0,
          "attributes": {
            "accelerated_networking_enabled": true,
            "applied_dns_servers": [],
            "auxiliary_mode": "",
            "auxiliary_sku": "",
            "dns_servers": [],
            "edge_zone": "",
            "id": "/subscriptions/0e9784a1-7ffb-4ad5-824f-2aaa98c41256/resourceGroups/AD/providers/Microsoft.Network/networkInterfaces/AD-0",
            "internal_dns_name_label": "",
            "internal_domain_name_suffix": "",
            "ip_configuration": [
              {
                "gateway_load_balancer_frontend_ip_configuration_id": "",
                "name": "ip-0",
                "primary": true,
                "private_ip_address": "10.2.1.6",
                "private_ip_address_allocation": "Dynamic",
                "private_ip_address_version": "IPv4",
                "public_ip_address_id": "",
                "subnet_id": "/subscriptions/0e9784a1-7ffb-4ad5-824f-2aaa98c41256/resourceGroups/AD/providers/Microsoft.Network/virtualNetworks/AD-Vnet/subnets/vms"
              }
            ],
            "ip_forwarding_enabled": false,
            "location": "eastus",
            "mac_address": "00-22-48-26-76-54",
            "name": "AD-0",
            "private_ip_address": "10.2.1.6",
            "private_ip_addresses": [
              "10.2.1.6"
            ],
            "resource_group_name": "AD",
            "tags": {},
            "timeouts": null,
            "virtual_machine_id": "/subscriptions/0e9784a1-7ffb-4ad5-824f-2aaa98c41256/resourceGroups/AD/providers/Microsoft.Compute/virtualMachines/redhat-AD"
          },
          "sensitive_attributes": [],
          "identity_schema_version": 0,
          "identity": {
            "name": "AD-0",
            "resource_group_name": "AD",
            "subscription_id": "0e9784a1-7ffb-4ad5-824f-2aaa98c41256"
          },
          "private": "eyJlMmJmYjczMC1lY2FhLTExZTYtOGY4OC0zNDM2M2JjN2M0YzAiOnsiY3JlYXRlIjoxODAwMDAwMDAwMDAwLCJkZWxldGUiOjE4MDAwMDAwMDAwMDAsInJlYWQiOjMwMDAwMDAwMDAwMCwidXBkYXRlIjoxODAwMDAwMDAwMDAwfX0=",
          "dependencies": [
            "module.AD-RG.azurerm_resource_group.rg",
            "module.Vnet.azurerm_virtual_network.vnet",
            "module.pubips.azurerm_public_ip.name",
            "module.subnet1.azurerm_subnet.subnet"
          ]
        }
      ]
    },
    {
      "module": "module.nic-AD[0]",
      "mode": "managed",
      "type": "azurerm_network_interface_security_group_association",
      "name": "name",
      "provider": "provider[\"registry.terraform.io/hashicorp/azurerm\"]",
      "instances": [
        {
          "index_key": 0,
          "schema_version": 0,
          "attributes": {
            "id": "/subscriptions/0e9784a1-7ffb-4ad5-824f-2aaa98c41256/resourceGroups/AD/providers/Microsoft.Network/networkInterfaces/AD-0|/subscriptions/0e9784a1-7ffb-4ad5-824f-2aaa98c41256/resourceGroups/AD/providers/Microsoft.Network/networkSecurityGroups/nsg-0",
            "network_interface_id": "/subscriptions/0e9784a1-7ffb-4ad5-824f-2aaa98c41256/resourceGroups/AD/providers/Microsoft.Network/networkInterfaces/AD-0",
            "network_security_group_id": "/subscriptions/0e9784a1-7ffb-4ad5-824f-2aaa98c41256/resourceGroups/AD/providers/Microsoft.Network/networkSecurityGroups/nsg-0",
            "timeouts": null
          },
          "sensitive_attributes": [],
          "identity_schema_version": 0,
          "private": "eyJlMmJmYjczMC1lY2FhLTExZTYtOGY4OC0zNDM2M2JjN2M0YzAiOnsiY3JlYXRlIjoxODAwMDAwMDAwMDAwLCJkZWxldGUiOjE4MDAwMDAwMDAwMDAsInJlYWQiOjMwMDAwMDAwMDAwMH19",
          "dependencies": [
            "module.AD-RG.azurerm_resource_group.rg",
            "module.Vnet.azurerm_virtual_network.vnet",
            "module.nic-AD.azurerm_network_interface.nic",
            "module.nsg-AD.azurerm_network_security_group.name",
            "module.pubips.azurerm_public_ip.name",
            "module.subnet1.azurerm_subnet.subnet"
          ]
        }
      ]
    },
    {
      "module": "module.nic-AD[1]",
      "mode": "managed",
      "type": "azurerm_network_interface",
      "name": "nic",
      "provider": "provider[\"registry.terraform.io/hashicorp/azurerm\"]",
      "instances": [
        {
          "schema_version": 0,
          "attributes": {
            "accelerated_networking_enabled": true,
            "applied_dns_servers": [],
            "auxiliary_mode": "",
            "auxiliary_sku": "",
            "dns_servers": [],
            "edge_zone": "",
            "id": "/subscriptions/0e9784a1-7ffb-4ad5-824f-2aaa98c41256/resourceGroups/AD/providers/Microsoft.Network/networkInterfaces/AD-1",
            "internal_dns_name_label": "",
            "internal_domain_name_suffix": "4wips3re3nmevplup4lalqke0c.bx.internal.cloudapp.net",
            "ip_configuration": [
              {
                "gateway_load_balancer_frontend_ip_configuration_id": "",
                "name": "ip-1",
                "primary": true,
                "private_ip_address": "10.2.1.5",
                "private_ip_address_allocation": "Dynamic",
                "private_ip_address_version": "IPv4",
                "public_ip_address_id": "/subscriptions/0e9784a1-7ffb-4ad5-824f-2aaa98c41256/resourceGroups/AD/providers/Microsoft.Network/publicIPAddresses/ip2",
                "subnet_id": "/subscriptions/0e9784a1-7ffb-4ad5-824f-2aaa98c41256/resourceGroups/AD/providers/Microsoft.Network/virtualNetworks/AD-Vnet/subnets/vms"
              }
            ],
            "ip_forwarding_enabled": false,
            "location": "eastus",
            "mac_address": "00-22-48-1D-AE-38",
            "name": "AD-1",
            "private_ip_address": "10.2.1.5",
            "private_ip_addresses": [
              "10.2.1.5"
            ],
            "resource_group_name": "AD",
            "tags": {},
            "timeouts": null,
            "virtual_machine_id": "/subscriptions/0e9784a1-7ffb-4ad5-824f-2aaa98c41256/resourceGroups/AD/providers/Microsoft.Compute/virtualMachines/AD-Windows-0"
          },
          "sensitive_attributes": [],
          "identity_schema_version": 0,
          "identity": {
            "name": "AD-1",
            "resource_group_name": "AD",
            "subscription_id": "0e9784a1-7ffb-4ad5-824f-2aaa98c41256"
          },
          "private": "eyJlMmJmYjczMC1lY2FhLTExZTYtOGY4OC0zNDM2M2JjN2M0YzAiOnsiY3JlYXRlIjoxODAwMDAwMDAwMDAwLCJkZWxldGUiOjE4MDAwMDAwMDAwMDAsInJlYWQiOjMwMDAwMDAwMDAwMCwidXBkYXRlIjoxODAwMDAwMDAwMDAwfX0=",
          "dependencies": [
            "module.AD-RG.azurerm_resource_group.rg",
            "module.Vnet.azurerm_virtual_network.vnet",
            "module.pubips.azurerm_public_ip.name",
            "module.subnet1.azurerm_subnet.subnet"
          ]
        }
      ]
    },
    {
      "module": "module.nic-AD[1]",
      "mode": "managed",
      "type": "azurerm_network_interface_security_group_association",
      "name": "name",
      "provider": "provider[\"registry.terraform.io/hashicorp/azurerm\"]",
      "instances": [
        {
          "index_key": 0,
          "schema_version": 0,
          "attributes": {
            "id": "/subscriptions/0e9784a1-7ffb-4ad5-824f-2aaa98c41256/resourceGroups/AD/providers/Microsoft.Network/networkInterfaces/AD-1|/subscriptions/0e9784a1-7ffb-4ad5-824f-2aaa98c41256/resourceGroups/AD/providers/Microsoft.Network/networkSecurityGroups/nsg-1",
            "network_interface_id": "/subscriptions/0e9784a1-7ffb-4ad5-824f-2aaa98c41256/resourceGroups/AD/providers/Microsoft.Network/networkInterfaces/AD-1",
            "network_security_group_id": "/subscriptions/0e9784a1-7ffb-4ad5-824f-2aaa98c41256/resourceGroups/AD/providers/Microsoft.Network/networkSecurityGroups/nsg-1",
            "timeouts": null
          },
          "sensitive_attributes": [],
          "identity_schema_version": 0,
          "private": "eyJlMmJmYjczMC1lY2FhLTExZTYtOGY4OC0zNDM2M2JjN2M0YzAiOnsiY3JlYXRlIjoxODAwMDAwMDAwMDAwLCJkZWxldGUiOjE4MDAwMDAwMDAwMDAsInJlYWQiOjMwMDAwMDAwMDAwMH19",
          "dependencies": [
            "module.AD-RG.azurerm_resource_group.rg",
            "module.Vnet.azurerm_virtual_network.vnet",
            "module.nic-AD.azurerm_network_interface.nic",
            "module.nsg-AD.azurerm_network_security_group.name",
            "module.pubips.azurerm_public_ip.name",
            "module.subnet1.azurerm_subnet.subnet"
          ]
        }
      ]
    },
    {
      "module": "module.nic-AD[2]",
      "mode": "managed",
      "type": "azurerm_network_interface",
      "name": "nic",
      "provider": "provider[\"registry.terraform.io/hashicorp/azurerm\"]",
      "instances": [
        {
          "schema_version": 0,
          "attributes": {
            "accelerated_networking_enabled": true,
            "applied_dns_servers": [],
            "auxiliary_mode": "",
            "auxiliary_sku": "",
            "dns_servers": [],
            "edge_zone": "",
            "id": "/subscriptions/0e9784a1-7ffb-4ad5-824f-2aaa98c41256/resourceGroups/AD/providers/Microsoft.Network/networkInterfaces/AD-2",
            "internal_dns_name_label": "",
            "internal_domain_name_suffix": "",
            "ip_configuration": [
              {
                "gateway_load_balancer_frontend_ip_configuration_id": "",
                "name": "ip-2",
                "primary": true,
                "private_ip_address": "10.2.1.4",
                "private_ip_address_allocation": "Dynamic",
                "private_ip_address_version": "IPv4",
                "public_ip_address_id": "",
                "subnet_id": "/subscriptions/0e9784a1-7ffb-4ad5-824f-2aaa98c41256/resourceGroups/AD/providers/Microsoft.Network/virtualNetworks/AD-Vnet/subnets/vms"
              }
            ],
            "ip_forwarding_enabled": false,
            "location": "eastus",
            "mac_address": "7C-1E-52-17-AB-87",
            "name": "AD-2",
            "private_ip_address": "10.2.1.4",
            "private_ip_addresses": [
              "10.2.1.4"
            ],
            "resource_group_name": "AD",
            "tags": {},
            "timeouts": null,
            "virtual_machine_id": "/subscriptions/0e9784a1-7ffb-4ad5-824f-2aaa98c41256/resourceGroups/AD/providers/Microsoft.Compute/virtualMachines/AD-Windows-1"
          },
          "sensitive_attributes": [],
          "identity_schema_version": 0,
          "identity": {
            "name": "AD-2",
            "resource_group_name": "AD",
            "subscription_id": "0e9784a1-7ffb-4ad5-824f-2aaa98c41256"
          },
          "private": "eyJlMmJmYjczMC1lY2FhLTExZTYtOGY4OC0zNDM2M2JjN2M0YzAiOnsiY3JlYXRlIjoxODAwMDAwMDAwMDAwLCJkZWxldGUiOjE4MDAwMDAwMDAwMDAsInJlYWQiOjMwMDAwMDAwMDAwMCwidXBkYXRlIjoxODAwMDAwMDAwMDAwfX0=",
          "dependencies": [
            "module.AD-RG.azurerm_resource_group.rg",
            "module.Vnet.azurerm_virtual_network.vnet",
            "module.pubips.azurerm_public_ip.name",
            "module.subnet1.azurerm_subnet.subnet"
          ]
        }
      ]
    },
    {
      "module": "module.nic-AD[2]",
      "mode": "managed",
      "type": "azurerm_network_interface_security_group_association",
      "name": "name",
      "provider": "provider[\"registry.terraform.io/hashicorp/azurerm\"]",
      "instances": [
        {
          "index_key": 0,
          "schema_version": 0,
          "attributes": {
            "id": "/subscriptions/0e9784a1-7ffb-4ad5-824f-2aaa98c41256/resourceGroups/AD/providers/Microsoft.Network/networkInterfaces/AD-2|/subscriptions/0e9784a1-7ffb-4ad5-824f-2aaa98c41256/resourceGroups/AD/providers/Microsoft.Network/networkSecurityGroups/nsg-2",
            "network_interface_id": "/subscriptions/0e9784a1-7ffb-4ad5-824f-2aaa98c41256/resourceGroups/AD/providers/Microsoft.Network/networkInterfaces/AD-2",
            "network_security_group_id": "/subscriptions/0e9784a1-7ffb-4ad5-824f-2aaa98c41256/resourceGroups/AD/providers/Microsoft.Network/networkSecurityGroups/nsg-2",
            "timeouts": null
          },
          "sensitive_attributes": [],
          "identity_schema_version": 0,
          "private": "eyJlMmJmYjczMC1lY2FhLTExZTYtOGY4OC0zNDM2M2JjN2M0YzAiOnsiY3JlYXRlIjoxODAwMDAwMDAwMDAwLCJkZWxldGUiOjE4MDAwMDAwMDAwMDAsInJlYWQiOjMwMDAwMDAwMDAwMH19",
          "dependencies": [
            "module.AD-RG.azurerm_resource_group.rg",
            "module.Vnet.azurerm_virtual_network.vnet",
            "module.nic-AD.azurerm_network_interface.nic",
            "module.nsg-AD.azurerm_network_security_group.name",
            "module.pubips.azurerm_public_ip.name",
            "module.subnet1.azurerm_subnet.subnet"
          ]
        }
      ]
    },
    {
      "module": "module.nsg-AD[0]",
      "mode": "managed",
      "type": "azurerm_network_security_group",
      "name": "name",
      "provider": "provider[\"registry.terraform.io/hashicorp/azurerm\"]",
      "instances": [
        {
          "schema_version": 0,
          "attributes": {
            "id": "/subscriptions/0e9784a1-7ffb-4ad5-824f-2aaa98c41256/resourceGroups/AD/providers/Microsoft.Network/networkSecurityGroups/nsg-0",
            "location": "eastus",
            "name": "nsg-0",
            "resource_group_name": "AD",
            "security_rule": [
              {
                "access": "Allow",
                "description": "",
                "destination_address_prefix": "*",
                "destination_address_prefixes": [],
                "destination_application_security_group_ids": [],
                "destination_port_range": "22",
                "destination_port_ranges": [],
                "direction": "Inbound",
                "name": "ALlow-ssh",
                "priority": 110,
                "protocol": "Tcp",
                "source_address_prefix": "*",
                "source_address_prefixes": [],
                "source_application_security_group_ids": [],
                "source_port_range": "*",
                "source_port_ranges": []
              },
              {
                "access": "Allow",
                "description": "",
                "destination_address_prefix": "*",
                "destination_address_prefixes": [],
                "destination_application_security_group_ids": [],
                "destination_port_range": "3389",
                "destination_port_ranges": [],
                "direction": "Inbound",
                "name": "ALlow-RDP",
                "priority": 120,
                "protocol": "Tcp",
                "source_address_prefix": "*",
                "source_address_prefixes": [],
                "source_application_security_group_ids": [],
                "source_port_range": "*",
                "source_port_ranges": []
              }
            ],
            "tags": {},
            "timeouts": null
          },
          "sensitive_attributes": [],
          "identity_schema_version": 0,
          "identity": {
            "name": "nsg-0",
            "resource_group_name": "AD",
            "subscription_id": "0e9784a1-7ffb-4ad5-824f-2aaa98c41256"
          },
          "private": "eyJlMmJmYjczMC1lY2FhLTExZTYtOGY4OC0zNDM2M2JjN2M0YzAiOnsiY3JlYXRlIjoxODAwMDAwMDAwMDAwLCJkZWxldGUiOjE4MDAwMDAwMDAwMDAsInJlYWQiOjMwMDAwMDAwMDAwMCwidXBkYXRlIjoxODAwMDAwMDAwMDAwfX0=",
          "dependencies": [
            "module.AD-RG.azurerm_resource_group.rg"
          ]
        }
      ]
    },
    {
      "module": "module.nsg-AD[1]",
      "mode": "managed",
      "type": "azurerm_network_security_group",
      "name": "name",
      "provider": "provider[\"registry.terraform.io/hashicorp/azurerm\"]",
      "instances": [
        {
          "schema_version": 0,
          "attributes": {
            "id": "/subscriptions/0e9784a1-7ffb-4ad5-824f-2aaa98c41256/resourceGroups/AD/providers/Microsoft.Network/networkSecurityGroups/nsg-1",
            "location": "eastus",
            "name": "nsg-1",
            "resource_group_name": "AD",
            "security_rule": [
              {
                "access": "Allow",
                "description": "",
                "destination_address_prefix": "*",
                "destination_address_prefixes": [],
                "destination_application_security_group_ids": [],
                "destination_port_range": "22",
                "destination_port_ranges": [],
                "direction": "Inbound",
                "name": "ALlow-ssh",
                "priority": 110,
                "protocol": "Tcp",
                "source_address_prefix": "*",
                "source_address_prefixes": [],
                "source_application_security_group_ids": [],
                "source_port_range": "*",
                "source_port_ranges": []
              },
              {
                "access": "Allow",
                "description": "",
                "destination_address_prefix": "*",
                "destination_address_prefixes": [],
                "destination_application_security_group_ids": [],
                "destination_port_range": "3389",
                "destination_port_ranges": [],
                "direction": "Inbound",
                "name": "ALlow-RDP",
                "priority": 120,
                "protocol": "Tcp",
                "source_address_prefix": "*",
                "source_address_prefixes": [],
                "source_application_security_group_ids": [],
                "source_port_range": "*",
                "source_port_ranges": []
              }
            ],
            "tags": {},
            "timeouts": null
          },
          "sensitive_attributes": [],
          "identity_schema_version": 0,
          "identity": {
            "name": "nsg-1",
            "resource_group_name": "AD",
            "subscription_id": "0e9784a1-7ffb-4ad5-824f-2aaa98c41256"
          },
          "private": "eyJlMmJmYjczMC1lY2FhLTExZTYtOGY4OC0zNDM2M2JjN2M0YzAiOnsiY3JlYXRlIjoxODAwMDAwMDAwMDAwLCJkZWxldGUiOjE4MDAwMDAwMDAwMDAsInJlYWQiOjMwMDAwMDAwMDAwMCwidXBkYXRlIjoxODAwMDAwMDAwMDAwfX0=",
          "dependencies": [
            "module.AD-RG.azurerm_resource_group.rg"
          ]
        }
      ]
    },
    {
      "module": "module.nsg-AD[2]",
      "mode": "managed",
      "type": "azurerm_network_security_group",
      "name": "name",
      "provider": "provider[\"registry.terraform.io/hashicorp/azurerm\"]",
      "instances": [
        {
          "schema_version": 0,
          "attributes": {
            "id": "/subscriptions/0e9784a1-7ffb-4ad5-824f-2aaa98c41256/resourceGroups/AD/providers/Microsoft.Network/networkSecurityGroups/nsg-2",
            "location": "eastus",
            "name": "nsg-2",
            "resource_group_name": "AD",
            "security_rule": [
              {
                "access": "Allow",
                "description": "",
                "destination_address_prefix": "*",
                "destination_address_prefixes": [],
                "destination_application_security_group_ids": [],
                "destination_port_range": "22",
                "destination_port_ranges": [],
                "direction": "Inbound",
                "name": "ALlow-ssh",
                "priority": 110,
                "protocol": "Tcp",
                "source_address_prefix": "*",
                "source_address_prefixes": [],
                "source_application_security_group_ids": [],
                "source_port_range": "*",
                "source_port_ranges": []
              },
              {
                "access": "Allow",
                "description": "",
                "destination_address_prefix": "*",
                "destination_address_prefixes": [],
                "destination_application_security_group_ids": [],
                "destination_port_range": "3389",
                "destination_port_ranges": [],
                "direction": "Inbound",
                "name": "ALlow-RDP",
                "priority": 120,
                "protocol": "Tcp",
                "source_address_prefix": "*",
                "source_address_prefixes": [],
                "source_application_security_group_ids": [],
                "source_port_range": "*",
                "source_port_ranges": []
              }
            ],
            "tags": {},
            "timeouts": null
          },
          "sensitive_attributes": [],
          "identity_schema_version": 0,
          "identity": {
            "name": "nsg-2",
            "resource_group_name": "AD",
            "subscription_id": "0e9784a1-7ffb-4ad5-824f-2aaa98c41256"
          },
          "private": "eyJlMmJmYjczMC1lY2FhLTExZTYtOGY4OC0zNDM2M2JjN2M0YzAiOnsiY3JlYXRlIjoxODAwMDAwMDAwMDAwLCJkZWxldGUiOjE4MDAwMDAwMDAwMDAsInJlYWQiOjMwMDAwMDAwMDAwMCwidXBkYXRlIjoxODAwMDAwMDAwMDAwfX0=",
          "dependencies": [
            "module.AD-RG.azurerm_resource_group.rg"
          ]
        }
      ]
    },
    {
      "module": "module.pubips",
      "mode": "managed",
      "type": "azurerm_public_ip",
      "name": "name",
      "provider": "provider[\"registry.terraform.io/hashicorp/azurerm\"]",
      "instances": [
        {
          "schema_version": 0,
          "attributes": {
            "allocation_method": "Static",
            "ddos_protection_mode": "VirtualNetworkInherited",
            "ddos_protection_plan_id": null,
            "domain_name_label": null,
            "domain_name_label_scope": null,
            "edge_zone": "",
            "fqdn": null,
            "id": "/subscriptions/0e9784a1-7ffb-4ad5-824f-2aaa98c41256/resourceGroups/AD/providers/Microsoft.Network/publicIPAddresses/ip2",
            "idle_timeout_in_minutes": 4,
            "ip_address": "172.191.106.153",
            "ip_tags": {},
            "ip_version": "IPv4",
            "location": "eastus",
            "name": "ip2",
            "public_ip_prefix_id": null,
            "resource_group_name": "AD",
            "reverse_fqdn": null,
            "sku": "Standard",
            "sku_tier": "Regional",
            "tags": {},
            "timeouts": null,
            "zones": []
          },
          "sensitive_attributes": [],
          "identity_schema_version": 0,
          "private": "eyJlMmJmYjczMC1lY2FhLTExZTYtOGY4OC0zNDM2M2JjN2M0YzAiOnsiY3JlYXRlIjoxODAwMDAwMDAwMDAwLCJkZWxldGUiOjE4MDAwMDAwMDAwMDAsInJlYWQiOjMwMDAwMDAwMDAwMCwidXBkYXRlIjoxODAwMDAwMDAwMDAwfX0=",
          "dependencies": [
            "module.AD-RG.azurerm_resource_group.rg"
          ]
        }
      ]
    },
    {
      "module": "module.subnet1",
      "mode": "managed",
      "type": "azurerm_subnet",
      "name": "subnet",
      "provider": "provider[\"registry.terraform.io/hashicorp/azurerm\"]",
      "instances": [
        {
          "schema_version": 0,
          "attributes": {
            "address_prefixes": [
              "10.2.1.0/24"
            ],
            "default_outbound_access_enabled": true,
            "delegation": [],
            "id": "/subscriptions/0e9784a1-7ffb-4ad5-824f-2aaa98c41256/resourceGroups/AD/providers/Microsoft.Network/virtualNetworks/AD-Vnet/subnets/vms",
            "ip_address_pool": [],
            "name": "vms",
            "private_endpoint_network_policies": "Disabled",
            "private_link_service_network_policies_enabled": false,
            "resource_group_name": "AD",
            "service_endpoint_policy_ids": [],
            "service_endpoints": [],
            "sharing_scope": "",
            "timeouts": null,
            "virtual_network_name": "AD-Vnet"
          },
          "sensitive_attributes": [],
          "identity_schema_version": 0,
          "identity": {
            "name": "vms",
            "resource_group_name": "AD",
            "subscription_id": "0e9784a1-7ffb-4ad5-824f-2aaa98c41256",
            "virtual_network_name": "AD-Vnet"
          },
          "private": "eyJlMmJmYjczMC1lY2FhLTExZTYtOGY4OC0zNDM2M2JjN2M0YzAiOnsiY3JlYXRlIjoxODAwMDAwMDAwMDAwLCJkZWxldGUiOjE4MDAwMDAwMDAwMDAsInJlYWQiOjMwMDAwMDAwMDAwMCwidXBkYXRlIjoxODAwMDAwMDAwMDAwfX0=",
          "dependencies": [
            "module.AD-RG.azurerm_resource_group.rg",
            "module.Vnet.azurerm_virtual_network.vnet"
          ]
        }
      ]
    }
  ],
  "check_results": null
}
